
Microsoft Visual Studio Solution File, Format Version 12.00
# Visual Studio 14
VisualStudioVersion = 14.0.25123.0
MinimumVisualStudioVersion = 10.0.40219.1
Project("{8BC9CEB8-8B4A-11D0-8D11-00A0C91BC942}") = "assimp.shared", "assimp.shared.vcxitems", "{45D41ACC-2C3C-43D2-BC10-02AA73FFC7C7}"
EndProject
Project("{8BC9CEB8-8B4A-11D0-8D11-00A0C91BC942}") = "assimp.windows", "assimp.windows.vcxproj", "{1849DE30-433D-4789-BDCA-9780033C61D5}"
EndProject
Project("{8BC9CEB8-8B4A-11D0-8D11-00A0C91BC942}") = "assimp.android", "assimp.android.vcxproj", "{C4ED9BE7-5A08-4BFC-82C3-85E13F9D85AD}"
EndProject
Project("{2150E333-8FDC-42A3-9474-1A3956D46DE8}") = "samples", "samples", "{0FAB9C00-EBCF-4295-91DB-9D8043FF7290}"
EndProject
Project("{8BC9CEB8-8B4A-11D0-8D11-00A0C91BC942}") = "YAGF.shared", "YAGF.shared.vcxitems", "{E9D8E2A8-4043-4163-885C-D44C5BA97CE9}"
EndProject
Project("{2150E333-8FDC-42A3-9474-1A3956D46DE8}") = "Contrib", "Contrib", "{9512D961-879A-4BC8-8D6C-68DCCF25F17A}"
EndProject
Project("{8BC9CEB8-8B4A-11D0-8D11-00A0C91BC942}") = "YAGF.d3d", "YAGF.d3d.vcxproj", "{C005CA5D-8870-49DF-8FCC-DAB6D1C5AD80}"
EndProject
Project("{8BC9CEB8-8B4A-11D0-8D11-00A0C91BC942}") = "YAGF.vulkan", "YAGF.vulkan.vcxproj", "{C4B16266-AB39-4716-9057-90FF799088D7}"
EndProject
Project("{8BC9CEB8-8B4A-11D0-8D11-00A0C91BC942}") = "mesh.shared", "examples\meshdx12\mesh.shared.vcxitems", "{60B46A6D-28D4-4490-B7B5-8178D799AB29}"
EndProject
Project("{8BC9CEB8-8B4A-11D0-8D11-00A0C91BC942}") = "mesh.vulkan", "examples\meshdx12\mesh.vulkan.vcxproj", "{15D57052-73AD-4977-AB53-FBD0E92C4DDF}"
EndProject
Project("{2150E333-8FDC-42A3-9474-1A3956D46DE8}") = "mesh", "mesh", "{9D9D6AEC-2309-4F47-948A-D130439936C7}"
EndProject
Project("{2150E333-8FDC-42A3-9474-1A3956D46DE8}") = "Assimp", "Assimp", "{26C0D876-AC0A-48A3-ABA8-BD157A6BEB82}"
EndProject
Project("{2150E333-8FDC-42A3-9474-1A3956D46DE8}") = "YAGF", "YAGF", "{9602FFE4-E679-4249-87B5-370428458788}"
EndProject
Project("{FAE04EC0-301F-11D3-BF4B-00C04F79EFBC}") = "mesh_vulkan_managed", "examples\meshdx12\mesh_vulkan_managed\mesh_vulkan_managed.csproj", "{D61C3E69-6050-4133-848D-D2007D2C2E23}"
	ProjectSection(ProjectDependencies) = postProject
		{15D57052-73AD-4977-AB53-FBD0E92C4DDF} = {15D57052-73AD-4977-AB53-FBD0E92C4DDF}
	EndProjectSection
EndProject
Project("{FAE04EC0-301F-11D3-BF4B-00C04F79EFBC}") = "mesh_dx12_managed", "examples\meshdx12\mesh_dx12_managed\mesh_dx12_managed.csproj", "{779770C0-FD18-4960-9E99-B06C4BD5B9EE}"
	ProjectSection(ProjectDependencies) = postProject
		{28A41C30-8009-4D21-8976-C56D3049DD57} = {28A41C30-8009-4D21-8976-C56D3049DD57}
	EndProjectSection
EndProject
Project("{8BC9CEB8-8B4A-11D0-8D11-00A0C91BC942}") = "mesh.dx12", "examples\meshdx12\mesh.dx12.vcxproj", "{28A41C30-8009-4D21-8976-C56D3049DD57}"
EndProject
Project("{2150E333-8FDC-42A3-9474-1A3956D46DE8}") = "tressFX", "tressFX", "{ECF52B81-5194-4B25-90A9-9BD0757F5A87}"
EndProject
Project("{8BC9CEB8-8B4A-11D0-8D11-00A0C91BC942}") = "TressFX.vulkan", "examples\TressFX\TressFX.vulkan\TressFX.vulkan.vcxproj", "{6A0F48AD-367F-45CE-B5A6-E8315A32D774}"
EndProject
Project("{2150E333-8FDC-42A3-9474-1A3956D46DE8}") = "TressFX", "TressFX", "{E9E01B3F-B9C8-44BC-9D5B-F545A7B27AAD}"
EndProject
Project("{8BC9CEB8-8B4A-11D0-8D11-00A0C91BC942}") = "AMD_LIB_Minimal", "deps\tressfx\amd_lib\build\AMD_LIB_Minimal_2015.vcxproj", "{0D2AEA47-7909-69E3-8221-F4B9EE7FCF44}"
EndProject
Project("{8BC9CEB8-8B4A-11D0-8D11-00A0C91BC942}") = "AMD_TressFX_Vulkan", "deps\tressfx\amd_tressfx_vulkan\build\AMD_TressFX_Vulkan.vcxproj", "{ED533122-434D-4EC6-9653-2F8A51CE2F18}"
EndProject
Project("{888888A0-9F3D-457C-B088-3A5042F75D52}") = "shader_builder", "deps\tressfx\amd_tressfx_vulkan\shader_builder\shader_builder\shader_builder.pyproj", "{5CB29E1D-E89D-42AE-9C2D-DBC0A988C843}"
EndProject
Project("{8BC9CEB8-8B4A-11D0-8D11-00A0C91BC942}") = "AMD_TressFX", "deps\tressfx\amd_tressfx\build\AMD_TressFX_2015.vcxproj", "{252C0AF0-91E1-82E5-1AD6-7CBC868A79E9}"
EndProject
Global
	GlobalSection(SharedMSBuildProjectFiles) = preSolution
		YAGF.shared.vcxitems*{c005ca5d-8870-49df-8fcc-dab6d1c5ad80}*SharedItemsImports = 4
		examples\meshdx12\mesh.shared.vcxitems*{15d57052-73ad-4977-ab53-fbd0e92c4ddf}*SharedItemsImports = 4
		examples\meshdx12\mesh.shared.vcxitems*{60b46a6d-28d4-4490-b7b5-8178d799ab29}*SharedItemsImports = 9
		assimp.shared.vcxitems*{1849de30-433d-4789-bdca-9780033c61d5}*SharedItemsImports = 4
		YAGF.shared.vcxitems*{c4b16266-ab39-4716-9057-90ff799088d7}*SharedItemsImports = 4
		assimp.shared.vcxitems*{c4ed9be7-5a08-4bfc-82c3-85e13f9d85ad}*SharedItemsImports = 4
		assimp.shared.vcxitems*{45d41acc-2c3c-43d2-bc10-02aa73ffc7c7}*SharedItemsImports = 9
		examples\meshdx12\mesh.shared.vcxitems*{28a41c30-8009-4d21-8976-c56d3049dd57}*SharedItemsImports = 4
		YAGF.shared.vcxitems*{e9d8e2a8-4043-4163-885c-d44c5ba97ce9}*SharedItemsImports = 9
	EndGlobalSection
	GlobalSection(SolutionConfigurationPlatforms) = preSolution
		Debug|Any CPU = Debug|Any CPU
		Debug|ARM = Debug|ARM
		Debug|ARM64 = Debug|ARM64
		Debug|x64 = Debug|x64
		Debug|x86 = Debug|x86
		DLL_Debug|Any CPU = DLL_Debug|Any CPU
		DLL_Debug|ARM = DLL_Debug|ARM
		DLL_Debug|ARM64 = DLL_Debug|ARM64
		DLL_Debug|x64 = DLL_Debug|x64
		DLL_Debug|x86 = DLL_Debug|x86
		DLL_Release_MT|Any CPU = DLL_Release_MT|Any CPU
		DLL_Release_MT|ARM = DLL_Release_MT|ARM
		DLL_Release_MT|ARM64 = DLL_Release_MT|ARM64
		DLL_Release_MT|x64 = DLL_Release_MT|x64
		DLL_Release_MT|x86 = DLL_Release_MT|x86
		DLL_Release|Any CPU = DLL_Release|Any CPU
		DLL_Release|ARM = DLL_Release|ARM
		DLL_Release|ARM64 = DLL_Release|ARM64
		DLL_Release|x64 = DLL_Release|x64
		DLL_Release|x86 = DLL_Release|x86
		Lib_Debug|Any CPU = Lib_Debug|Any CPU
		Lib_Debug|ARM = Lib_Debug|ARM
		Lib_Debug|ARM64 = Lib_Debug|ARM64
		Lib_Debug|x64 = Lib_Debug|x64
		Lib_Debug|x86 = Lib_Debug|x86
		Lib_Release|Any CPU = Lib_Release|Any CPU
		Lib_Release|ARM = Lib_Release|ARM
		Lib_Release|ARM64 = Lib_Release|ARM64
		Lib_Release|x64 = Lib_Release|x64
		Lib_Release|x86 = Lib_Release|x86
		Release|Any CPU = Release|Any CPU
		Release|ARM = Release|ARM
		Release|ARM64 = Release|ARM64
		Release|x64 = Release|x64
		Release|x86 = Release|x86
	EndGlobalSection
	GlobalSection(ProjectConfigurationPlatforms) = postSolution
		{1849DE30-433D-4789-BDCA-9780033C61D5}.Debug|Any CPU.ActiveCfg = Debug|x64
		{1849DE30-433D-4789-BDCA-9780033C61D5}.Debug|ARM.ActiveCfg = Debug|x64
		{1849DE30-433D-4789-BDCA-9780033C61D5}.Debug|ARM64.ActiveCfg = Debug|x64
		{1849DE30-433D-4789-BDCA-9780033C61D5}.Debug|x64.ActiveCfg = Debug|x64
		{1849DE30-433D-4789-BDCA-9780033C61D5}.Debug|x64.Build.0 = Debug|x64
		{1849DE30-433D-4789-BDCA-9780033C61D5}.Debug|x86.ActiveCfg = Debug|x64
		{1849DE30-433D-4789-BDCA-9780033C61D5}.DLL_Debug|Any CPU.ActiveCfg = Release|x64
		{1849DE30-433D-4789-BDCA-9780033C61D5}.DLL_Debug|Any CPU.Build.0 = Release|x64
		{1849DE30-433D-4789-BDCA-9780033C61D5}.DLL_Debug|ARM.ActiveCfg = Release|x64
		{1849DE30-433D-4789-BDCA-9780033C61D5}.DLL_Debug|ARM.Build.0 = Release|x64
		{1849DE30-433D-4789-BDCA-9780033C61D5}.DLL_Debug|ARM64.ActiveCfg = Release|x64
		{1849DE30-433D-4789-BDCA-9780033C61D5}.DLL_Debug|ARM64.Build.0 = Release|x64
		{1849DE30-433D-4789-BDCA-9780033C61D5}.DLL_Debug|x64.ActiveCfg = Debug|x64
		{1849DE30-433D-4789-BDCA-9780033C61D5}.DLL_Debug|x64.Build.0 = Debug|x64
		{1849DE30-433D-4789-BDCA-9780033C61D5}.DLL_Debug|x86.ActiveCfg = Release|x64
		{1849DE30-433D-4789-BDCA-9780033C61D5}.DLL_Debug|x86.Build.0 = Release|x64
		{1849DE30-433D-4789-BDCA-9780033C61D5}.DLL_Release_MT|Any CPU.ActiveCfg = Release|x64
		{1849DE30-433D-4789-BDCA-9780033C61D5}.DLL_Release_MT|Any CPU.Build.0 = Release|x64
		{1849DE30-433D-4789-BDCA-9780033C61D5}.DLL_Release_MT|ARM.ActiveCfg = Release|x64
		{1849DE30-433D-4789-BDCA-9780033C61D5}.DLL_Release_MT|ARM.Build.0 = Release|x64
		{1849DE30-433D-4789-BDCA-9780033C61D5}.DLL_Release_MT|ARM64.ActiveCfg = Release|x64
		{1849DE30-433D-4789-BDCA-9780033C61D5}.DLL_Release_MT|ARM64.Build.0 = Release|x64
		{1849DE30-433D-4789-BDCA-9780033C61D5}.DLL_Release_MT|x64.ActiveCfg = Release|x64
		{1849DE30-433D-4789-BDCA-9780033C61D5}.DLL_Release_MT|x64.Build.0 = Release|x64
		{1849DE30-433D-4789-BDCA-9780033C61D5}.DLL_Release_MT|x86.ActiveCfg = Release|x64
		{1849DE30-433D-4789-BDCA-9780033C61D5}.DLL_Release_MT|x86.Build.0 = Release|x64
		{1849DE30-433D-4789-BDCA-9780033C61D5}.DLL_Release|Any CPU.ActiveCfg = Release|x64
		{1849DE30-433D-4789-BDCA-9780033C61D5}.DLL_Release|Any CPU.Build.0 = Release|x64
		{1849DE30-433D-4789-BDCA-9780033C61D5}.DLL_Release|ARM.ActiveCfg = Release|x64
		{1849DE30-433D-4789-BDCA-9780033C61D5}.DLL_Release|ARM.Build.0 = Release|x64
		{1849DE30-433D-4789-BDCA-9780033C61D5}.DLL_Release|ARM64.ActiveCfg = Release|x64
		{1849DE30-433D-4789-BDCA-9780033C61D5}.DLL_Release|ARM64.Build.0 = Release|x64
		{1849DE30-433D-4789-BDCA-9780033C61D5}.DLL_Release|x64.ActiveCfg = Release|x64
		{1849DE30-433D-4789-BDCA-9780033C61D5}.DLL_Release|x64.Build.0 = Release|x64
		{1849DE30-433D-4789-BDCA-9780033C61D5}.DLL_Release|x86.ActiveCfg = Release|x64
		{1849DE30-433D-4789-BDCA-9780033C61D5}.DLL_Release|x86.Build.0 = Release|x64
		{1849DE30-433D-4789-BDCA-9780033C61D5}.Lib_Debug|Any CPU.ActiveCfg = Release|x64
		{1849DE30-433D-4789-BDCA-9780033C61D5}.Lib_Debug|Any CPU.Build.0 = Release|x64
		{1849DE30-433D-4789-BDCA-9780033C61D5}.Lib_Debug|ARM.ActiveCfg = Release|x64
		{1849DE30-433D-4789-BDCA-9780033C61D5}.Lib_Debug|ARM.Build.0 = Release|x64
		{1849DE30-433D-4789-BDCA-9780033C61D5}.Lib_Debug|ARM64.ActiveCfg = Release|x64
		{1849DE30-433D-4789-BDCA-9780033C61D5}.Lib_Debug|ARM64.Build.0 = Release|x64
		{1849DE30-433D-4789-BDCA-9780033C61D5}.Lib_Debug|x64.ActiveCfg = Debug|x64
		{1849DE30-433D-4789-BDCA-9780033C61D5}.Lib_Debug|x64.Build.0 = Debug|x64
		{1849DE30-433D-4789-BDCA-9780033C61D5}.Lib_Debug|x86.ActiveCfg = Release|x64
		{1849DE30-433D-4789-BDCA-9780033C61D5}.Lib_Debug|x86.Build.0 = Release|x64
		{1849DE30-433D-4789-BDCA-9780033C61D5}.Lib_Release|Any CPU.ActiveCfg = Release|x64
		{1849DE30-433D-4789-BDCA-9780033C61D5}.Lib_Release|Any CPU.Build.0 = Release|x64
		{1849DE30-433D-4789-BDCA-9780033C61D5}.Lib_Release|ARM.ActiveCfg = Release|x64
		{1849DE30-433D-4789-BDCA-9780033C61D5}.Lib_Release|ARM.Build.0 = Release|x64
		{1849DE30-433D-4789-BDCA-9780033C61D5}.Lib_Release|ARM64.ActiveCfg = Release|x64
		{1849DE30-433D-4789-BDCA-9780033C61D5}.Lib_Release|ARM64.Build.0 = Release|x64
		{1849DE30-433D-4789-BDCA-9780033C61D5}.Lib_Release|x64.ActiveCfg = Release|x64
		{1849DE30-433D-4789-BDCA-9780033C61D5}.Lib_Release|x64.Build.0 = Release|x64
		{1849DE30-433D-4789-BDCA-9780033C61D5}.Lib_Release|x86.ActiveCfg = Release|x64
		{1849DE30-433D-4789-BDCA-9780033C61D5}.Lib_Release|x86.Build.0 = Release|x64
		{1849DE30-433D-4789-BDCA-9780033C61D5}.Release|Any CPU.ActiveCfg = Release|x64
		{1849DE30-433D-4789-BDCA-9780033C61D5}.Release|ARM.ActiveCfg = Release|x64
		{1849DE30-433D-4789-BDCA-9780033C61D5}.Release|ARM64.ActiveCfg = Release|x64
		{1849DE30-433D-4789-BDCA-9780033C61D5}.Release|x64.ActiveCfg = Release|x64
		{1849DE30-433D-4789-BDCA-9780033C61D5}.Release|x64.Build.0 = Release|x64
		{1849DE30-433D-4789-BDCA-9780033C61D5}.Release|x86.ActiveCfg = Release|x64
		{C4ED9BE7-5A08-4BFC-82C3-85E13F9D85AD}.Debug|Any CPU.ActiveCfg = Debug|x64
		{C4ED9BE7-5A08-4BFC-82C3-85E13F9D85AD}.Debug|ARM.ActiveCfg = Debug|x64
		{C4ED9BE7-5A08-4BFC-82C3-85E13F9D85AD}.Debug|ARM64.ActiveCfg = Debug|x64
		{C4ED9BE7-5A08-4BFC-82C3-85E13F9D85AD}.Debug|ARM64.Build.0 = Debug|x64
		{C4ED9BE7-5A08-4BFC-82C3-85E13F9D85AD}.Debug|x64.ActiveCfg = Debug|x64
		{C4ED9BE7-5A08-4BFC-82C3-85E13F9D85AD}.Debug|x86.ActiveCfg = Debug|x64
		{C4ED9BE7-5A08-4BFC-82C3-85E13F9D85AD}.DLL_Debug|Any CPU.ActiveCfg = Release|ARM64
		{C4ED9BE7-5A08-4BFC-82C3-85E13F9D85AD}.DLL_Debug|ARM.ActiveCfg = Release|ARM64
		{C4ED9BE7-5A08-4BFC-82C3-85E13F9D85AD}.DLL_Debug|ARM64.ActiveCfg = Release|ARM64
		{C4ED9BE7-5A08-4BFC-82C3-85E13F9D85AD}.DLL_Debug|x64.ActiveCfg = Debug|x64
		{C4ED9BE7-5A08-4BFC-82C3-85E13F9D85AD}.DLL_Debug|x86.ActiveCfg = Release|ARM64
		{C4ED9BE7-5A08-4BFC-82C3-85E13F9D85AD}.DLL_Release_MT|Any CPU.ActiveCfg = Release|ARM64
		{C4ED9BE7-5A08-4BFC-82C3-85E13F9D85AD}.DLL_Release_MT|ARM.ActiveCfg = Release|ARM64
		{C4ED9BE7-5A08-4BFC-82C3-85E13F9D85AD}.DLL_Release_MT|ARM64.ActiveCfg = Release|ARM64
		{C4ED9BE7-5A08-4BFC-82C3-85E13F9D85AD}.DLL_Release_MT|x64.ActiveCfg = Release|x64
		{C4ED9BE7-5A08-4BFC-82C3-85E13F9D85AD}.DLL_Release_MT|x86.ActiveCfg = Release|ARM64
		{C4ED9BE7-5A08-4BFC-82C3-85E13F9D85AD}.DLL_Release|Any CPU.ActiveCfg = Release|ARM64
		{C4ED9BE7-5A08-4BFC-82C3-85E13F9D85AD}.DLL_Release|ARM.ActiveCfg = Release|ARM64
		{C4ED9BE7-5A08-4BFC-82C3-85E13F9D85AD}.DLL_Release|ARM64.ActiveCfg = Release|ARM64
		{C4ED9BE7-5A08-4BFC-82C3-85E13F9D85AD}.DLL_Release|x64.ActiveCfg = Release|x64
		{C4ED9BE7-5A08-4BFC-82C3-85E13F9D85AD}.DLL_Release|x86.ActiveCfg = Release|ARM64
		{C4ED9BE7-5A08-4BFC-82C3-85E13F9D85AD}.Lib_Debug|Any CPU.ActiveCfg = Release|ARM64
		{C4ED9BE7-5A08-4BFC-82C3-85E13F9D85AD}.Lib_Debug|ARM.ActiveCfg = Release|ARM64
		{C4ED9BE7-5A08-4BFC-82C3-85E13F9D85AD}.Lib_Debug|ARM64.ActiveCfg = Release|ARM64
		{C4ED9BE7-5A08-4BFC-82C3-85E13F9D85AD}.Lib_Debug|x64.ActiveCfg = Debug|x64
		{C4ED9BE7-5A08-4BFC-82C3-85E13F9D85AD}.Lib_Debug|x86.ActiveCfg = Release|ARM64
		{C4ED9BE7-5A08-4BFC-82C3-85E13F9D85AD}.Lib_Release|Any CPU.ActiveCfg = Release|ARM64
		{C4ED9BE7-5A08-4BFC-82C3-85E13F9D85AD}.Lib_Release|ARM.ActiveCfg = Release|ARM64
		{C4ED9BE7-5A08-4BFC-82C3-85E13F9D85AD}.Lib_Release|ARM64.ActiveCfg = Release|ARM64
		{C4ED9BE7-5A08-4BFC-82C3-85E13F9D85AD}.Lib_Release|x64.ActiveCfg = Release|x64
		{C4ED9BE7-5A08-4BFC-82C3-85E13F9D85AD}.Lib_Release|x86.ActiveCfg = Release|ARM64
		{C4ED9BE7-5A08-4BFC-82C3-85E13F9D85AD}.Release|Any CPU.ActiveCfg = Release|x64
		{C4ED9BE7-5A08-4BFC-82C3-85E13F9D85AD}.Release|ARM.ActiveCfg = Release|x64
		{C4ED9BE7-5A08-4BFC-82C3-85E13F9D85AD}.Release|ARM64.ActiveCfg = Release|ARM64
		{C4ED9BE7-5A08-4BFC-82C3-85E13F9D85AD}.Release|ARM64.Build.0 = Release|ARM64
		{C4ED9BE7-5A08-4BFC-82C3-85E13F9D85AD}.Release|x64.ActiveCfg = Release|x64
		{C4ED9BE7-5A08-4BFC-82C3-85E13F9D85AD}.Release|x86.ActiveCfg = Release|x64
		{C005CA5D-8870-49DF-8FCC-DAB6D1C5AD80}.Debug|Any CPU.ActiveCfg = Debug|x64
		{C005CA5D-8870-49DF-8FCC-DAB6D1C5AD80}.Debug|ARM.ActiveCfg = Debug|x64
		{C005CA5D-8870-49DF-8FCC-DAB6D1C5AD80}.Debug|ARM64.ActiveCfg = Debug|x64
		{C005CA5D-8870-49DF-8FCC-DAB6D1C5AD80}.Debug|x64.ActiveCfg = Debug|x64
		{C005CA5D-8870-49DF-8FCC-DAB6D1C5AD80}.Debug|x64.Build.0 = Debug|x64
		{C005CA5D-8870-49DF-8FCC-DAB6D1C5AD80}.Debug|x86.ActiveCfg = Debug|x64
		{C005CA5D-8870-49DF-8FCC-DAB6D1C5AD80}.DLL_Debug|Any CPU.ActiveCfg = Release|x64
		{C005CA5D-8870-49DF-8FCC-DAB6D1C5AD80}.DLL_Debug|Any CPU.Build.0 = Release|x64
		{C005CA5D-8870-49DF-8FCC-DAB6D1C5AD80}.DLL_Debug|ARM.ActiveCfg = Release|x64
		{C005CA5D-8870-49DF-8FCC-DAB6D1C5AD80}.DLL_Debug|ARM.Build.0 = Release|x64
		{C005CA5D-8870-49DF-8FCC-DAB6D1C5AD80}.DLL_Debug|ARM64.ActiveCfg = Release|x64
		{C005CA5D-8870-49DF-8FCC-DAB6D1C5AD80}.DLL_Debug|ARM64.Build.0 = Release|x64
		{C005CA5D-8870-49DF-8FCC-DAB6D1C5AD80}.DLL_Debug|x64.ActiveCfg = Debug|x64
		{C005CA5D-8870-49DF-8FCC-DAB6D1C5AD80}.DLL_Debug|x64.Build.0 = Debug|x64
		{C005CA5D-8870-49DF-8FCC-DAB6D1C5AD80}.DLL_Debug|x86.ActiveCfg = Release|x64
		{C005CA5D-8870-49DF-8FCC-DAB6D1C5AD80}.DLL_Debug|x86.Build.0 = Release|x64
		{C005CA5D-8870-49DF-8FCC-DAB6D1C5AD80}.DLL_Release_MT|Any CPU.ActiveCfg = Release|x64
		{C005CA5D-8870-49DF-8FCC-DAB6D1C5AD80}.DLL_Release_MT|Any CPU.Build.0 = Release|x64
		{C005CA5D-8870-49DF-8FCC-DAB6D1C5AD80}.DLL_Release_MT|ARM.ActiveCfg = Release|x64
		{C005CA5D-8870-49DF-8FCC-DAB6D1C5AD80}.DLL_Release_MT|ARM.Build.0 = Release|x64
		{C005CA5D-8870-49DF-8FCC-DAB6D1C5AD80}.DLL_Release_MT|ARM64.ActiveCfg = Release|x64
		{C005CA5D-8870-49DF-8FCC-DAB6D1C5AD80}.DLL_Release_MT|ARM64.Build.0 = Release|x64
		{C005CA5D-8870-49DF-8FCC-DAB6D1C5AD80}.DLL_Release_MT|x64.ActiveCfg = Release|x64
		{C005CA5D-8870-49DF-8FCC-DAB6D1C5AD80}.DLL_Release_MT|x64.Build.0 = Release|x64
		{C005CA5D-8870-49DF-8FCC-DAB6D1C5AD80}.DLL_Release_MT|x86.ActiveCfg = Release|x64
		{C005CA5D-8870-49DF-8FCC-DAB6D1C5AD80}.DLL_Release_MT|x86.Build.0 = Release|x64
		{C005CA5D-8870-49DF-8FCC-DAB6D1C5AD80}.DLL_Release|Any CPU.ActiveCfg = Release|x64
		{C005CA5D-8870-49DF-8FCC-DAB6D1C5AD80}.DLL_Release|Any CPU.Build.0 = Release|x64
		{C005CA5D-8870-49DF-8FCC-DAB6D1C5AD80}.DLL_Release|ARM.ActiveCfg = Release|x64
		{C005CA5D-8870-49DF-8FCC-DAB6D1C5AD80}.DLL_Release|ARM.Build.0 = Release|x64
		{C005CA5D-8870-49DF-8FCC-DAB6D1C5AD80}.DLL_Release|ARM64.ActiveCfg = Release|x64
		{C005CA5D-8870-49DF-8FCC-DAB6D1C5AD80}.DLL_Release|ARM64.Build.0 = Release|x64
		{C005CA5D-8870-49DF-8FCC-DAB6D1C5AD80}.DLL_Release|x64.ActiveCfg = Release|x64
		{C005CA5D-8870-49DF-8FCC-DAB6D1C5AD80}.DLL_Release|x64.Build.0 = Release|x64
		{C005CA5D-8870-49DF-8FCC-DAB6D1C5AD80}.DLL_Release|x86.ActiveCfg = Release|x64
		{C005CA5D-8870-49DF-8FCC-DAB6D1C5AD80}.DLL_Release|x86.Build.0 = Release|x64
		{C005CA5D-8870-49DF-8FCC-DAB6D1C5AD80}.Lib_Debug|Any CPU.ActiveCfg = Release|x64
		{C005CA5D-8870-49DF-8FCC-DAB6D1C5AD80}.Lib_Debug|Any CPU.Build.0 = Release|x64
		{C005CA5D-8870-49DF-8FCC-DAB6D1C5AD80}.Lib_Debug|ARM.ActiveCfg = Release|x64
		{C005CA5D-8870-49DF-8FCC-DAB6D1C5AD80}.Lib_Debug|ARM.Build.0 = Release|x64
		{C005CA5D-8870-49DF-8FCC-DAB6D1C5AD80}.Lib_Debug|ARM64.ActiveCfg = Release|x64
		{C005CA5D-8870-49DF-8FCC-DAB6D1C5AD80}.Lib_Debug|ARM64.Build.0 = Release|x64
		{C005CA5D-8870-49DF-8FCC-DAB6D1C5AD80}.Lib_Debug|x64.ActiveCfg = Debug|x64
		{C005CA5D-8870-49DF-8FCC-DAB6D1C5AD80}.Lib_Debug|x64.Build.0 = Debug|x64
		{C005CA5D-8870-49DF-8FCC-DAB6D1C5AD80}.Lib_Debug|x86.ActiveCfg = Release|x64
		{C005CA5D-8870-49DF-8FCC-DAB6D1C5AD80}.Lib_Debug|x86.Build.0 = Release|x64
		{C005CA5D-8870-49DF-8FCC-DAB6D1C5AD80}.Lib_Release|Any CPU.ActiveCfg = Release|x64
		{C005CA5D-8870-49DF-8FCC-DAB6D1C5AD80}.Lib_Release|Any CPU.Build.0 = Release|x64
		{C005CA5D-8870-49DF-8FCC-DAB6D1C5AD80}.Lib_Release|ARM.ActiveCfg = Release|x64
		{C005CA5D-8870-49DF-8FCC-DAB6D1C5AD80}.Lib_Release|ARM.Build.0 = Release|x64
		{C005CA5D-8870-49DF-8FCC-DAB6D1C5AD80}.Lib_Release|ARM64.ActiveCfg = Release|x64
		{C005CA5D-8870-49DF-8FCC-DAB6D1C5AD80}.Lib_Release|ARM64.Build.0 = Release|x64
		{C005CA5D-8870-49DF-8FCC-DAB6D1C5AD80}.Lib_Release|x64.ActiveCfg = Release|x64
		{C005CA5D-8870-49DF-8FCC-DAB6D1C5AD80}.Lib_Release|x64.Build.0 = Release|x64
		{C005CA5D-8870-49DF-8FCC-DAB6D1C5AD80}.Lib_Release|x86.ActiveCfg = Release|x64
		{C005CA5D-8870-49DF-8FCC-DAB6D1C5AD80}.Lib_Release|x86.Build.0 = Release|x64
		{C005CA5D-8870-49DF-8FCC-DAB6D1C5AD80}.Release|Any CPU.ActiveCfg = Release|x64
		{C005CA5D-8870-49DF-8FCC-DAB6D1C5AD80}.Release|ARM.ActiveCfg = Release|x64
		{C005CA5D-8870-49DF-8FCC-DAB6D1C5AD80}.Release|ARM64.ActiveCfg = Release|x64
		{C005CA5D-8870-49DF-8FCC-DAB6D1C5AD80}.Release|x64.ActiveCfg = Release|x64
		{C005CA5D-8870-49DF-8FCC-DAB6D1C5AD80}.Release|x64.Build.0 = Release|x64
		{C005CA5D-8870-49DF-8FCC-DAB6D1C5AD80}.Release|x86.ActiveCfg = Release|x64
		{C4B16266-AB39-4716-9057-90FF799088D7}.Debug|Any CPU.ActiveCfg = Debug|x64
		{C4B16266-AB39-4716-9057-90FF799088D7}.Debug|ARM.ActiveCfg = Debug|x64
		{C4B16266-AB39-4716-9057-90FF799088D7}.Debug|ARM64.ActiveCfg = Debug|x64
		{C4B16266-AB39-4716-9057-90FF799088D7}.Debug|x64.ActiveCfg = Debug|x64
		{C4B16266-AB39-4716-9057-90FF799088D7}.Debug|x64.Build.0 = Debug|x64
		{C4B16266-AB39-4716-9057-90FF799088D7}.Debug|x86.ActiveCfg = Debug|x64
		{C4B16266-AB39-4716-9057-90FF799088D7}.DLL_Debug|Any CPU.ActiveCfg = Release|x64
		{C4B16266-AB39-4716-9057-90FF799088D7}.DLL_Debug|Any CPU.Build.0 = Release|x64
		{C4B16266-AB39-4716-9057-90FF799088D7}.DLL_Debug|ARM.ActiveCfg = Release|x64
		{C4B16266-AB39-4716-9057-90FF799088D7}.DLL_Debug|ARM.Build.0 = Release|x64
		{C4B16266-AB39-4716-9057-90FF799088D7}.DLL_Debug|ARM64.ActiveCfg = Release|x64
		{C4B16266-AB39-4716-9057-90FF799088D7}.DLL_Debug|ARM64.Build.0 = Release|x64
		{C4B16266-AB39-4716-9057-90FF799088D7}.DLL_Debug|x64.ActiveCfg = Debug|x64
		{C4B16266-AB39-4716-9057-90FF799088D7}.DLL_Debug|x64.Build.0 = Debug|x64
		{C4B16266-AB39-4716-9057-90FF799088D7}.DLL_Debug|x86.ActiveCfg = Release|x64
		{C4B16266-AB39-4716-9057-90FF799088D7}.DLL_Debug|x86.Build.0 = Release|x64
		{C4B16266-AB39-4716-9057-90FF799088D7}.DLL_Release_MT|Any CPU.ActiveCfg = Release|x64
		{C4B16266-AB39-4716-9057-90FF799088D7}.DLL_Release_MT|Any CPU.Build.0 = Release|x64
		{C4B16266-AB39-4716-9057-90FF799088D7}.DLL_Release_MT|ARM.ActiveCfg = Release|x64
		{C4B16266-AB39-4716-9057-90FF799088D7}.DLL_Release_MT|ARM.Build.0 = Release|x64
		{C4B16266-AB39-4716-9057-90FF799088D7}.DLL_Release_MT|ARM64.ActiveCfg = Release|x64
		{C4B16266-AB39-4716-9057-90FF799088D7}.DLL_Release_MT|ARM64.Build.0 = Release|x64
		{C4B16266-AB39-4716-9057-90FF799088D7}.DLL_Release_MT|x64.ActiveCfg = Release|x64
		{C4B16266-AB39-4716-9057-90FF799088D7}.DLL_Release_MT|x64.Build.0 = Release|x64
		{C4B16266-AB39-4716-9057-90FF799088D7}.DLL_Release_MT|x86.ActiveCfg = Release|x64
		{C4B16266-AB39-4716-9057-90FF799088D7}.DLL_Release_MT|x86.Build.0 = Release|x64
		{C4B16266-AB39-4716-9057-90FF799088D7}.DLL_Release|Any CPU.ActiveCfg = Release|x64
		{C4B16266-AB39-4716-9057-90FF799088D7}.DLL_Release|Any CPU.Build.0 = Release|x64
		{C4B16266-AB39-4716-9057-90FF799088D7}.DLL_Release|ARM.ActiveCfg = Release|x64
		{C4B16266-AB39-4716-9057-90FF799088D7}.DLL_Release|ARM.Build.0 = Release|x64
		{C4B16266-AB39-4716-9057-90FF799088D7}.DLL_Release|ARM64.ActiveCfg = Release|x64
		{C4B16266-AB39-4716-9057-90FF799088D7}.DLL_Release|ARM64.Build.0 = Release|x64
		{C4B16266-AB39-4716-9057-90FF799088D7}.DLL_Release|x64.ActiveCfg = Release|x64
		{C4B16266-AB39-4716-9057-90FF799088D7}.DLL_Release|x64.Build.0 = Release|x64
		{C4B16266-AB39-4716-9057-90FF799088D7}.DLL_Release|x86.ActiveCfg = Release|x64
		{C4B16266-AB39-4716-9057-90FF799088D7}.DLL_Release|x86.Build.0 = Release|x64
		{C4B16266-AB39-4716-9057-90FF799088D7}.Lib_Debug|Any CPU.ActiveCfg = Release|x64
		{C4B16266-AB39-4716-9057-90FF799088D7}.Lib_Debug|Any CPU.Build.0 = Release|x64
		{C4B16266-AB39-4716-9057-90FF799088D7}.Lib_Debug|ARM.ActiveCfg = Release|x64
		{C4B16266-AB39-4716-9057-90FF799088D7}.Lib_Debug|ARM.Build.0 = Release|x64
		{C4B16266-AB39-4716-9057-90FF799088D7}.Lib_Debug|ARM64.ActiveCfg = Release|x64
		{C4B16266-AB39-4716-9057-90FF799088D7}.Lib_Debug|ARM64.Build.0 = Release|x64
		{C4B16266-AB39-4716-9057-90FF799088D7}.Lib_Debug|x64.ActiveCfg = Debug|x64
		{C4B16266-AB39-4716-9057-90FF799088D7}.Lib_Debug|x64.Build.0 = Debug|x64
		{C4B16266-AB39-4716-9057-90FF799088D7}.Lib_Debug|x86.ActiveCfg = Release|x64
		{C4B16266-AB39-4716-9057-90FF799088D7}.Lib_Debug|x86.Build.0 = Release|x64
		{C4B16266-AB39-4716-9057-90FF799088D7}.Lib_Release|Any CPU.ActiveCfg = Release|x64
		{C4B16266-AB39-4716-9057-90FF799088D7}.Lib_Release|Any CPU.Build.0 = Release|x64
		{C4B16266-AB39-4716-9057-90FF799088D7}.Lib_Release|ARM.ActiveCfg = Release|x64
		{C4B16266-AB39-4716-9057-90FF799088D7}.Lib_Release|ARM.Build.0 = Release|x64
		{C4B16266-AB39-4716-9057-90FF799088D7}.Lib_Release|ARM64.ActiveCfg = Release|x64
		{C4B16266-AB39-4716-9057-90FF799088D7}.Lib_Release|ARM64.Build.0 = Release|x64
		{C4B16266-AB39-4716-9057-90FF799088D7}.Lib_Release|x64.ActiveCfg = Release|x64
		{C4B16266-AB39-4716-9057-90FF799088D7}.Lib_Release|x64.Build.0 = Release|x64
		{C4B16266-AB39-4716-9057-90FF799088D7}.Lib_Release|x86.ActiveCfg = Release|x64
		{C4B16266-AB39-4716-9057-90FF799088D7}.Lib_Release|x86.Build.0 = Release|x64
		{C4B16266-AB39-4716-9057-90FF799088D7}.Release|Any CPU.ActiveCfg = Release|x64
		{C4B16266-AB39-4716-9057-90FF799088D7}.Release|ARM.ActiveCfg = Release|x64
		{C4B16266-AB39-4716-9057-90FF799088D7}.Release|ARM64.ActiveCfg = Release|x64
		{C4B16266-AB39-4716-9057-90FF799088D7}.Release|x64.ActiveCfg = Release|x64
		{C4B16266-AB39-4716-9057-90FF799088D7}.Release|x64.Build.0 = Release|x64
		{C4B16266-AB39-4716-9057-90FF799088D7}.Release|x86.ActiveCfg = Release|x64
		{15D57052-73AD-4977-AB53-FBD0E92C4DDF}.Debug|Any CPU.ActiveCfg = Debug|x64
		{15D57052-73AD-4977-AB53-FBD0E92C4DDF}.Debug|ARM.ActiveCfg = Debug|x64
		{15D57052-73AD-4977-AB53-FBD0E92C4DDF}.Debug|ARM64.ActiveCfg = Debug|x64
		{15D57052-73AD-4977-AB53-FBD0E92C4DDF}.Debug|x64.ActiveCfg = Debug|x64
		{15D57052-73AD-4977-AB53-FBD0E92C4DDF}.Debug|x64.Build.0 = Debug|x64
		{15D57052-73AD-4977-AB53-FBD0E92C4DDF}.Debug|x86.ActiveCfg = Debug|x64
		{15D57052-73AD-4977-AB53-FBD0E92C4DDF}.DLL_Debug|Any CPU.ActiveCfg = Release|x64
		{15D57052-73AD-4977-AB53-FBD0E92C4DDF}.DLL_Debug|Any CPU.Build.0 = Release|x64
		{15D57052-73AD-4977-AB53-FBD0E92C4DDF}.DLL_Debug|ARM.ActiveCfg = Release|x64
		{15D57052-73AD-4977-AB53-FBD0E92C4DDF}.DLL_Debug|ARM.Build.0 = Release|x64
		{15D57052-73AD-4977-AB53-FBD0E92C4DDF}.DLL_Debug|ARM64.ActiveCfg = Release|x64
		{15D57052-73AD-4977-AB53-FBD0E92C4DDF}.DLL_Debug|ARM64.Build.0 = Release|x64
		{15D57052-73AD-4977-AB53-FBD0E92C4DDF}.DLL_Debug|x64.ActiveCfg = Debug|x64
		{15D57052-73AD-4977-AB53-FBD0E92C4DDF}.DLL_Debug|x64.Build.0 = Debug|x64
		{15D57052-73AD-4977-AB53-FBD0E92C4DDF}.DLL_Debug|x86.ActiveCfg = Release|x64
		{15D57052-73AD-4977-AB53-FBD0E92C4DDF}.DLL_Debug|x86.Build.0 = Release|x64
		{15D57052-73AD-4977-AB53-FBD0E92C4DDF}.DLL_Release_MT|Any CPU.ActiveCfg = Release|x64
		{15D57052-73AD-4977-AB53-FBD0E92C4DDF}.DLL_Release_MT|Any CPU.Build.0 = Release|x64
		{15D57052-73AD-4977-AB53-FBD0E92C4DDF}.DLL_Release_MT|ARM.ActiveCfg = Release|x64
		{15D57052-73AD-4977-AB53-FBD0E92C4DDF}.DLL_Release_MT|ARM.Build.0 = Release|x64
		{15D57052-73AD-4977-AB53-FBD0E92C4DDF}.DLL_Release_MT|ARM64.ActiveCfg = Release|x64
		{15D57052-73AD-4977-AB53-FBD0E92C4DDF}.DLL_Release_MT|ARM64.Build.0 = Release|x64
		{15D57052-73AD-4977-AB53-FBD0E92C4DDF}.DLL_Release_MT|x64.ActiveCfg = Release|x64
		{15D57052-73AD-4977-AB53-FBD0E92C4DDF}.DLL_Release_MT|x64.Build.0 = Release|x64
		{15D57052-73AD-4977-AB53-FBD0E92C4DDF}.DLL_Release_MT|x86.ActiveCfg = Release|x64
		{15D57052-73AD-4977-AB53-FBD0E92C4DDF}.DLL_Release_MT|x86.Build.0 = Release|x64
		{15D57052-73AD-4977-AB53-FBD0E92C4DDF}.DLL_Release|Any CPU.ActiveCfg = Release|x64
		{15D57052-73AD-4977-AB53-FBD0E92C4DDF}.DLL_Release|Any CPU.Build.0 = Release|x64
		{15D57052-73AD-4977-AB53-FBD0E92C4DDF}.DLL_Release|ARM.ActiveCfg = Release|x64
		{15D57052-73AD-4977-AB53-FBD0E92C4DDF}.DLL_Release|ARM.Build.0 = Release|x64
		{15D57052-73AD-4977-AB53-FBD0E92C4DDF}.DLL_Release|ARM64.ActiveCfg = Release|x64
		{15D57052-73AD-4977-AB53-FBD0E92C4DDF}.DLL_Release|ARM64.Build.0 = Release|x64
		{15D57052-73AD-4977-AB53-FBD0E92C4DDF}.DLL_Release|x64.ActiveCfg = Release|x64
		{15D57052-73AD-4977-AB53-FBD0E92C4DDF}.DLL_Release|x64.Build.0 = Release|x64
		{15D57052-73AD-4977-AB53-FBD0E92C4DDF}.DLL_Release|x86.ActiveCfg = Release|x64
		{15D57052-73AD-4977-AB53-FBD0E92C4DDF}.DLL_Release|x86.Build.0 = Release|x64
		{15D57052-73AD-4977-AB53-FBD0E92C4DDF}.Lib_Debug|Any CPU.ActiveCfg = Release|x64
		{15D57052-73AD-4977-AB53-FBD0E92C4DDF}.Lib_Debug|Any CPU.Build.0 = Release|x64
		{15D57052-73AD-4977-AB53-FBD0E92C4DDF}.Lib_Debug|ARM.ActiveCfg = Release|x64
		{15D57052-73AD-4977-AB53-FBD0E92C4DDF}.Lib_Debug|ARM.Build.0 = Release|x64
		{15D57052-73AD-4977-AB53-FBD0E92C4DDF}.Lib_Debug|ARM64.ActiveCfg = Release|x64
		{15D57052-73AD-4977-AB53-FBD0E92C4DDF}.Lib_Debug|ARM64.Build.0 = Release|x64
		{15D57052-73AD-4977-AB53-FBD0E92C4DDF}.Lib_Debug|x64.ActiveCfg = Debug|x64
		{15D57052-73AD-4977-AB53-FBD0E92C4DDF}.Lib_Debug|x64.Build.0 = Debug|x64
		{15D57052-73AD-4977-AB53-FBD0E92C4DDF}.Lib_Debug|x86.ActiveCfg = Release|x64
		{15D57052-73AD-4977-AB53-FBD0E92C4DDF}.Lib_Debug|x86.Build.0 = Release|x64
		{15D57052-73AD-4977-AB53-FBD0E92C4DDF}.Lib_Release|Any CPU.ActiveCfg = Release|x64
		{15D57052-73AD-4977-AB53-FBD0E92C4DDF}.Lib_Release|Any CPU.Build.0 = Release|x64
		{15D57052-73AD-4977-AB53-FBD0E92C4DDF}.Lib_Release|ARM.ActiveCfg = Release|x64
		{15D57052-73AD-4977-AB53-FBD0E92C4DDF}.Lib_Release|ARM.Build.0 = Release|x64
		{15D57052-73AD-4977-AB53-FBD0E92C4DDF}.Lib_Release|ARM64.ActiveCfg = Release|x64
		{15D57052-73AD-4977-AB53-FBD0E92C4DDF}.Lib_Release|ARM64.Build.0 = Release|x64
		{15D57052-73AD-4977-AB53-FBD0E92C4DDF}.Lib_Release|x64.ActiveCfg = Release|x64
		{15D57052-73AD-4977-AB53-FBD0E92C4DDF}.Lib_Release|x64.Build.0 = Release|x64
		{15D57052-73AD-4977-AB53-FBD0E92C4DDF}.Lib_Release|x86.ActiveCfg = Release|x64
		{15D57052-73AD-4977-AB53-FBD0E92C4DDF}.Lib_Release|x86.Build.0 = Release|x64
		{15D57052-73AD-4977-AB53-FBD0E92C4DDF}.Release|Any CPU.ActiveCfg = Release|x64
		{15D57052-73AD-4977-AB53-FBD0E92C4DDF}.Release|ARM.ActiveCfg = Release|x64
		{15D57052-73AD-4977-AB53-FBD0E92C4DDF}.Release|ARM64.ActiveCfg = Release|x64
		{15D57052-73AD-4977-AB53-FBD0E92C4DDF}.Release|x64.ActiveCfg = Release|x64
		{15D57052-73AD-4977-AB53-FBD0E92C4DDF}.Release|x64.Build.0 = Release|x64
		{15D57052-73AD-4977-AB53-FBD0E92C4DDF}.Release|x86.ActiveCfg = Release|x64
		{D61C3E69-6050-4133-848D-D2007D2C2E23}.Debug|Any CPU.ActiveCfg = Debug|Any CPU
		{D61C3E69-6050-4133-848D-D2007D2C2E23}.Debug|Any CPU.Build.0 = Debug|Any CPU
		{D61C3E69-6050-4133-848D-D2007D2C2E23}.Debug|ARM.ActiveCfg = Debug|Any CPU
		{D61C3E69-6050-4133-848D-D2007D2C2E23}.Debug|ARM.Build.0 = Debug|Any CPU
		{D61C3E69-6050-4133-848D-D2007D2C2E23}.Debug|ARM64.ActiveCfg = Debug|Any CPU
		{D61C3E69-6050-4133-848D-D2007D2C2E23}.Debug|ARM64.Build.0 = Debug|Any CPU
		{D61C3E69-6050-4133-848D-D2007D2C2E23}.Debug|x64.ActiveCfg = Debug|Any CPU
		{D61C3E69-6050-4133-848D-D2007D2C2E23}.Debug|x64.Build.0 = Debug|Any CPU
		{D61C3E69-6050-4133-848D-D2007D2C2E23}.Debug|x86.ActiveCfg = Debug|Any CPU
		{D61C3E69-6050-4133-848D-D2007D2C2E23}.Debug|x86.Build.0 = Debug|Any CPU
		{D61C3E69-6050-4133-848D-D2007D2C2E23}.DLL_Debug|Any CPU.ActiveCfg = Debug|Any CPU
		{D61C3E69-6050-4133-848D-D2007D2C2E23}.DLL_Debug|Any CPU.Build.0 = Debug|Any CPU
		{D61C3E69-6050-4133-848D-D2007D2C2E23}.DLL_Debug|ARM.ActiveCfg = Debug|Any CPU
		{D61C3E69-6050-4133-848D-D2007D2C2E23}.DLL_Debug|ARM.Build.0 = Debug|Any CPU
		{D61C3E69-6050-4133-848D-D2007D2C2E23}.DLL_Debug|ARM64.ActiveCfg = Debug|Any CPU
		{D61C3E69-6050-4133-848D-D2007D2C2E23}.DLL_Debug|ARM64.Build.0 = Debug|Any CPU
		{D61C3E69-6050-4133-848D-D2007D2C2E23}.DLL_Debug|x64.ActiveCfg = Debug|Any CPU
		{D61C3E69-6050-4133-848D-D2007D2C2E23}.DLL_Debug|x64.Build.0 = Debug|Any CPU
		{D61C3E69-6050-4133-848D-D2007D2C2E23}.DLL_Debug|x86.ActiveCfg = Debug|Any CPU
		{D61C3E69-6050-4133-848D-D2007D2C2E23}.DLL_Debug|x86.Build.0 = Debug|Any CPU
		{D61C3E69-6050-4133-848D-D2007D2C2E23}.DLL_Release_MT|Any CPU.ActiveCfg = Release|Any CPU
		{D61C3E69-6050-4133-848D-D2007D2C2E23}.DLL_Release_MT|Any CPU.Build.0 = Release|Any CPU
		{D61C3E69-6050-4133-848D-D2007D2C2E23}.DLL_Release_MT|ARM.ActiveCfg = Release|Any CPU
		{D61C3E69-6050-4133-848D-D2007D2C2E23}.DLL_Release_MT|ARM.Build.0 = Release|Any CPU
		{D61C3E69-6050-4133-848D-D2007D2C2E23}.DLL_Release_MT|ARM64.ActiveCfg = Release|Any CPU
		{D61C3E69-6050-4133-848D-D2007D2C2E23}.DLL_Release_MT|ARM64.Build.0 = Release|Any CPU
		{D61C3E69-6050-4133-848D-D2007D2C2E23}.DLL_Release_MT|x64.ActiveCfg = Release|Any CPU
		{D61C3E69-6050-4133-848D-D2007D2C2E23}.DLL_Release_MT|x64.Build.0 = Release|Any CPU
		{D61C3E69-6050-4133-848D-D2007D2C2E23}.DLL_Release_MT|x86.ActiveCfg = Release|Any CPU
		{D61C3E69-6050-4133-848D-D2007D2C2E23}.DLL_Release_MT|x86.Build.0 = Release|Any CPU
		{D61C3E69-6050-4133-848D-D2007D2C2E23}.DLL_Release|Any CPU.ActiveCfg = Release|Any CPU
		{D61C3E69-6050-4133-848D-D2007D2C2E23}.DLL_Release|Any CPU.Build.0 = Release|Any CPU
		{D61C3E69-6050-4133-848D-D2007D2C2E23}.DLL_Release|ARM.ActiveCfg = Release|Any CPU
		{D61C3E69-6050-4133-848D-D2007D2C2E23}.DLL_Release|ARM.Build.0 = Release|Any CPU
		{D61C3E69-6050-4133-848D-D2007D2C2E23}.DLL_Release|ARM64.ActiveCfg = Release|Any CPU
		{D61C3E69-6050-4133-848D-D2007D2C2E23}.DLL_Release|ARM64.Build.0 = Release|Any CPU
		{D61C3E69-6050-4133-848D-D2007D2C2E23}.DLL_Release|x64.ActiveCfg = Release|Any CPU
		{D61C3E69-6050-4133-848D-D2007D2C2E23}.DLL_Release|x64.Build.0 = Release|Any CPU
		{D61C3E69-6050-4133-848D-D2007D2C2E23}.DLL_Release|x86.ActiveCfg = Release|Any CPU
		{D61C3E69-6050-4133-848D-D2007D2C2E23}.DLL_Release|x86.Build.0 = Release|Any CPU
		{D61C3E69-6050-4133-848D-D2007D2C2E23}.Lib_Debug|Any CPU.ActiveCfg = Debug|Any CPU
		{D61C3E69-6050-4133-848D-D2007D2C2E23}.Lib_Debug|Any CPU.Build.0 = Debug|Any CPU
		{D61C3E69-6050-4133-848D-D2007D2C2E23}.Lib_Debug|ARM.ActiveCfg = Debug|Any CPU
		{D61C3E69-6050-4133-848D-D2007D2C2E23}.Lib_Debug|ARM.Build.0 = Debug|Any CPU
		{D61C3E69-6050-4133-848D-D2007D2C2E23}.Lib_Debug|ARM64.ActiveCfg = Debug|Any CPU
		{D61C3E69-6050-4133-848D-D2007D2C2E23}.Lib_Debug|ARM64.Build.0 = Debug|Any CPU
		{D61C3E69-6050-4133-848D-D2007D2C2E23}.Lib_Debug|x64.ActiveCfg = Debug|Any CPU
		{D61C3E69-6050-4133-848D-D2007D2C2E23}.Lib_Debug|x64.Build.0 = Debug|Any CPU
		{D61C3E69-6050-4133-848D-D2007D2C2E23}.Lib_Debug|x86.ActiveCfg = Debug|Any CPU
		{D61C3E69-6050-4133-848D-D2007D2C2E23}.Lib_Debug|x86.Build.0 = Debug|Any CPU
		{D61C3E69-6050-4133-848D-D2007D2C2E23}.Lib_Release|Any CPU.ActiveCfg = Release|Any CPU
		{D61C3E69-6050-4133-848D-D2007D2C2E23}.Lib_Release|Any CPU.Build.0 = Release|Any CPU
		{D61C3E69-6050-4133-848D-D2007D2C2E23}.Lib_Release|ARM.ActiveCfg = Release|Any CPU
		{D61C3E69-6050-4133-848D-D2007D2C2E23}.Lib_Release|ARM.Build.0 = Release|Any CPU
		{D61C3E69-6050-4133-848D-D2007D2C2E23}.Lib_Release|ARM64.ActiveCfg = Release|Any CPU
		{D61C3E69-6050-4133-848D-D2007D2C2E23}.Lib_Release|ARM64.Build.0 = Release|Any CPU
		{D61C3E69-6050-4133-848D-D2007D2C2E23}.Lib_Release|x64.ActiveCfg = Release|Any CPU
		{D61C3E69-6050-4133-848D-D2007D2C2E23}.Lib_Release|x64.Build.0 = Release|Any CPU
		{D61C3E69-6050-4133-848D-D2007D2C2E23}.Lib_Release|x86.ActiveCfg = Release|Any CPU
		{D61C3E69-6050-4133-848D-D2007D2C2E23}.Lib_Release|x86.Build.0 = Release|Any CPU
		{D61C3E69-6050-4133-848D-D2007D2C2E23}.Release|Any CPU.ActiveCfg = Release|Any CPU
		{D61C3E69-6050-4133-848D-D2007D2C2E23}.Release|Any CPU.Build.0 = Release|Any CPU
		{D61C3E69-6050-4133-848D-D2007D2C2E23}.Release|ARM.ActiveCfg = Release|Any CPU
		{D61C3E69-6050-4133-848D-D2007D2C2E23}.Release|ARM.Build.0 = Release|Any CPU
		{D61C3E69-6050-4133-848D-D2007D2C2E23}.Release|ARM64.ActiveCfg = Release|Any CPU
		{D61C3E69-6050-4133-848D-D2007D2C2E23}.Release|ARM64.Build.0 = Release|Any CPU
		{D61C3E69-6050-4133-848D-D2007D2C2E23}.Release|x64.ActiveCfg = Release|Any CPU
		{D61C3E69-6050-4133-848D-D2007D2C2E23}.Release|x64.Build.0 = Release|Any CPU
		{D61C3E69-6050-4133-848D-D2007D2C2E23}.Release|x86.ActiveCfg = Release|Any CPU
		{D61C3E69-6050-4133-848D-D2007D2C2E23}.Release|x86.Build.0 = Release|Any CPU
		{779770C0-FD18-4960-9E99-B06C4BD5B9EE}.Debug|Any CPU.ActiveCfg = Debug|Any CPU
		{779770C0-FD18-4960-9E99-B06C4BD5B9EE}.Debug|Any CPU.Build.0 = Debug|Any CPU
		{779770C0-FD18-4960-9E99-B06C4BD5B9EE}.Debug|ARM.ActiveCfg = Debug|Any CPU
		{779770C0-FD18-4960-9E99-B06C4BD5B9EE}.Debug|ARM.Build.0 = Debug|Any CPU
		{779770C0-FD18-4960-9E99-B06C4BD5B9EE}.Debug|ARM64.ActiveCfg = Debug|Any CPU
		{779770C0-FD18-4960-9E99-B06C4BD5B9EE}.Debug|ARM64.Build.0 = Debug|Any CPU
		{779770C0-FD18-4960-9E99-B06C4BD5B9EE}.Debug|x64.ActiveCfg = Debug|Any CPU
		{779770C0-FD18-4960-9E99-B06C4BD5B9EE}.Debug|x64.Build.0 = Debug|Any CPU
		{779770C0-FD18-4960-9E99-B06C4BD5B9EE}.Debug|x86.ActiveCfg = Debug|Any CPU
		{779770C0-FD18-4960-9E99-B06C4BD5B9EE}.Debug|x86.Build.0 = Debug|Any CPU
		{779770C0-FD18-4960-9E99-B06C4BD5B9EE}.DLL_Debug|Any CPU.ActiveCfg = Debug|Any CPU
		{779770C0-FD18-4960-9E99-B06C4BD5B9EE}.DLL_Debug|Any CPU.Build.0 = Debug|Any CPU
		{779770C0-FD18-4960-9E99-B06C4BD5B9EE}.DLL_Debug|ARM.ActiveCfg = Debug|Any CPU
		{779770C0-FD18-4960-9E99-B06C4BD5B9EE}.DLL_Debug|ARM.Build.0 = Debug|Any CPU
		{779770C0-FD18-4960-9E99-B06C4BD5B9EE}.DLL_Debug|ARM64.ActiveCfg = Debug|Any CPU
		{779770C0-FD18-4960-9E99-B06C4BD5B9EE}.DLL_Debug|ARM64.Build.0 = Debug|Any CPU
		{779770C0-FD18-4960-9E99-B06C4BD5B9EE}.DLL_Debug|x64.ActiveCfg = Debug|Any CPU
		{779770C0-FD18-4960-9E99-B06C4BD5B9EE}.DLL_Debug|x64.Build.0 = Debug|Any CPU
		{779770C0-FD18-4960-9E99-B06C4BD5B9EE}.DLL_Debug|x86.ActiveCfg = Debug|Any CPU
		{779770C0-FD18-4960-9E99-B06C4BD5B9EE}.DLL_Debug|x86.Build.0 = Debug|Any CPU
		{779770C0-FD18-4960-9E99-B06C4BD5B9EE}.DLL_Release_MT|Any CPU.ActiveCfg = Release|Any CPU
		{779770C0-FD18-4960-9E99-B06C4BD5B9EE}.DLL_Release_MT|Any CPU.Build.0 = Release|Any CPU
		{779770C0-FD18-4960-9E99-B06C4BD5B9EE}.DLL_Release_MT|ARM.ActiveCfg = Release|Any CPU
		{779770C0-FD18-4960-9E99-B06C4BD5B9EE}.DLL_Release_MT|ARM.Build.0 = Release|Any CPU
		{779770C0-FD18-4960-9E99-B06C4BD5B9EE}.DLL_Release_MT|ARM64.ActiveCfg = Release|Any CPU
		{779770C0-FD18-4960-9E99-B06C4BD5B9EE}.DLL_Release_MT|ARM64.Build.0 = Release|Any CPU
		{779770C0-FD18-4960-9E99-B06C4BD5B9EE}.DLL_Release_MT|x64.ActiveCfg = Release|Any CPU
		{779770C0-FD18-4960-9E99-B06C4BD5B9EE}.DLL_Release_MT|x64.Build.0 = Release|Any CPU
		{779770C0-FD18-4960-9E99-B06C4BD5B9EE}.DLL_Release_MT|x86.ActiveCfg = Release|Any CPU
		{779770C0-FD18-4960-9E99-B06C4BD5B9EE}.DLL_Release_MT|x86.Build.0 = Release|Any CPU
		{779770C0-FD18-4960-9E99-B06C4BD5B9EE}.DLL_Release|Any CPU.ActiveCfg = Release|Any CPU
		{779770C0-FD18-4960-9E99-B06C4BD5B9EE}.DLL_Release|Any CPU.Build.0 = Release|Any CPU
		{779770C0-FD18-4960-9E99-B06C4BD5B9EE}.DLL_Release|ARM.ActiveCfg = Release|Any CPU
		{779770C0-FD18-4960-9E99-B06C4BD5B9EE}.DLL_Release|ARM.Build.0 = Release|Any CPU
		{779770C0-FD18-4960-9E99-B06C4BD5B9EE}.DLL_Release|ARM64.ActiveCfg = Release|Any CPU
		{779770C0-FD18-4960-9E99-B06C4BD5B9EE}.DLL_Release|ARM64.Build.0 = Release|Any CPU
		{779770C0-FD18-4960-9E99-B06C4BD5B9EE}.DLL_Release|x64.ActiveCfg = Release|Any CPU
		{779770C0-FD18-4960-9E99-B06C4BD5B9EE}.DLL_Release|x64.Build.0 = Release|Any CPU
		{779770C0-FD18-4960-9E99-B06C4BD5B9EE}.DLL_Release|x86.ActiveCfg = Release|Any CPU
		{779770C0-FD18-4960-9E99-B06C4BD5B9EE}.DLL_Release|x86.Build.0 = Release|Any CPU
		{779770C0-FD18-4960-9E99-B06C4BD5B9EE}.Lib_Debug|Any CPU.ActiveCfg = Debug|Any CPU
		{779770C0-FD18-4960-9E99-B06C4BD5B9EE}.Lib_Debug|Any CPU.Build.0 = Debug|Any CPU
		{779770C0-FD18-4960-9E99-B06C4BD5B9EE}.Lib_Debug|ARM.ActiveCfg = Debug|Any CPU
		{779770C0-FD18-4960-9E99-B06C4BD5B9EE}.Lib_Debug|ARM.Build.0 = Debug|Any CPU
		{779770C0-FD18-4960-9E99-B06C4BD5B9EE}.Lib_Debug|ARM64.ActiveCfg = Debug|Any CPU
		{779770C0-FD18-4960-9E99-B06C4BD5B9EE}.Lib_Debug|ARM64.Build.0 = Debug|Any CPU
		{779770C0-FD18-4960-9E99-B06C4BD5B9EE}.Lib_Debug|x64.ActiveCfg = Debug|Any CPU
		{779770C0-FD18-4960-9E99-B06C4BD5B9EE}.Lib_Debug|x64.Build.0 = Debug|Any CPU
		{779770C0-FD18-4960-9E99-B06C4BD5B9EE}.Lib_Debug|x86.ActiveCfg = Debug|Any CPU
		{779770C0-FD18-4960-9E99-B06C4BD5B9EE}.Lib_Debug|x86.Build.0 = Debug|Any CPU
		{779770C0-FD18-4960-9E99-B06C4BD5B9EE}.Lib_Release|Any CPU.ActiveCfg = Release|Any CPU
		{779770C0-FD18-4960-9E99-B06C4BD5B9EE}.Lib_Release|Any CPU.Build.0 = Release|Any CPU
		{779770C0-FD18-4960-9E99-B06C4BD5B9EE}.Lib_Release|ARM.ActiveCfg = Release|Any CPU
		{779770C0-FD18-4960-9E99-B06C4BD5B9EE}.Lib_Release|ARM.Build.0 = Release|Any CPU
		{779770C0-FD18-4960-9E99-B06C4BD5B9EE}.Lib_Release|ARM64.ActiveCfg = Release|Any CPU
		{779770C0-FD18-4960-9E99-B06C4BD5B9EE}.Lib_Release|ARM64.Build.0 = Release|Any CPU
		{779770C0-FD18-4960-9E99-B06C4BD5B9EE}.Lib_Release|x64.ActiveCfg = Release|Any CPU
		{779770C0-FD18-4960-9E99-B06C4BD5B9EE}.Lib_Release|x64.Build.0 = Release|Any CPU
		{779770C0-FD18-4960-9E99-B06C4BD5B9EE}.Lib_Release|x86.ActiveCfg = Release|Any CPU
		{779770C0-FD18-4960-9E99-B06C4BD5B9EE}.Lib_Release|x86.Build.0 = Release|Any CPU
		{779770C0-FD18-4960-9E99-B06C4BD5B9EE}.Release|Any CPU.ActiveCfg = Release|Any CPU
		{779770C0-FD18-4960-9E99-B06C4BD5B9EE}.Release|Any CPU.Build.0 = Release|Any CPU
		{779770C0-FD18-4960-9E99-B06C4BD5B9EE}.Release|ARM.ActiveCfg = Release|Any CPU
		{779770C0-FD18-4960-9E99-B06C4BD5B9EE}.Release|ARM.Build.0 = Release|Any CPU
		{779770C0-FD18-4960-9E99-B06C4BD5B9EE}.Release|ARM64.ActiveCfg = Release|Any CPU
		{779770C0-FD18-4960-9E99-B06C4BD5B9EE}.Release|ARM64.Build.0 = Release|Any CPU
		{779770C0-FD18-4960-9E99-B06C4BD5B9EE}.Release|x64.ActiveCfg = Release|Any CPU
		{779770C0-FD18-4960-9E99-B06C4BD5B9EE}.Release|x64.Build.0 = Release|Any CPU
		{779770C0-FD18-4960-9E99-B06C4BD5B9EE}.Release|x86.ActiveCfg = Release|Any CPU
		{779770C0-FD18-4960-9E99-B06C4BD5B9EE}.Release|x86.Build.0 = Release|Any CPU
		{28A41C30-8009-4D21-8976-C56D3049DD57}.Debug|Any CPU.ActiveCfg = Debug|Win32
		{28A41C30-8009-4D21-8976-C56D3049DD57}.Debug|ARM.ActiveCfg = Debug|ARM
		{28A41C30-8009-4D21-8976-C56D3049DD57}.Debug|ARM.Build.0 = Debug|ARM
		{28A41C30-8009-4D21-8976-C56D3049DD57}.Debug|ARM64.ActiveCfg = Debug|Win32
		{28A41C30-8009-4D21-8976-C56D3049DD57}.Debug|x64.ActiveCfg = Debug|x64
		{28A41C30-8009-4D21-8976-C56D3049DD57}.Debug|x64.Build.0 = Debug|x64
		{28A41C30-8009-4D21-8976-C56D3049DD57}.Debug|x86.ActiveCfg = Debug|Win32
		{28A41C30-8009-4D21-8976-C56D3049DD57}.Debug|x86.Build.0 = Debug|Win32
		{28A41C30-8009-4D21-8976-C56D3049DD57}.DLL_Debug|Any CPU.ActiveCfg = Release|x64
		{28A41C30-8009-4D21-8976-C56D3049DD57}.DLL_Debug|Any CPU.Build.0 = Release|x64
		{28A41C30-8009-4D21-8976-C56D3049DD57}.DLL_Debug|ARM.ActiveCfg = Debug|ARM
		{28A41C30-8009-4D21-8976-C56D3049DD57}.DLL_Debug|ARM.Build.0 = Debug|ARM
		{28A41C30-8009-4D21-8976-C56D3049DD57}.DLL_Debug|ARM64.ActiveCfg = Release|x64
		{28A41C30-8009-4D21-8976-C56D3049DD57}.DLL_Debug|ARM64.Build.0 = Release|x64
		{28A41C30-8009-4D21-8976-C56D3049DD57}.DLL_Debug|x64.ActiveCfg = Debug|x64
		{28A41C30-8009-4D21-8976-C56D3049DD57}.DLL_Debug|x64.Build.0 = Debug|x64
		{28A41C30-8009-4D21-8976-C56D3049DD57}.DLL_Debug|x86.ActiveCfg = Debug|Win32
		{28A41C30-8009-4D21-8976-C56D3049DD57}.DLL_Debug|x86.Build.0 = Debug|Win32
		{28A41C30-8009-4D21-8976-C56D3049DD57}.DLL_Release_MT|Any CPU.ActiveCfg = Release|x64
		{28A41C30-8009-4D21-8976-C56D3049DD57}.DLL_Release_MT|Any CPU.Build.0 = Release|x64
		{28A41C30-8009-4D21-8976-C56D3049DD57}.DLL_Release_MT|ARM.ActiveCfg = Release|ARM
		{28A41C30-8009-4D21-8976-C56D3049DD57}.DLL_Release_MT|ARM.Build.0 = Release|ARM
		{28A41C30-8009-4D21-8976-C56D3049DD57}.DLL_Release_MT|ARM64.ActiveCfg = Release|x64
		{28A41C30-8009-4D21-8976-C56D3049DD57}.DLL_Release_MT|ARM64.Build.0 = Release|x64
		{28A41C30-8009-4D21-8976-C56D3049DD57}.DLL_Release_MT|x64.ActiveCfg = Release|x64
		{28A41C30-8009-4D21-8976-C56D3049DD57}.DLL_Release_MT|x64.Build.0 = Release|x64
		{28A41C30-8009-4D21-8976-C56D3049DD57}.DLL_Release_MT|x86.ActiveCfg = Release|Win32
		{28A41C30-8009-4D21-8976-C56D3049DD57}.DLL_Release_MT|x86.Build.0 = Release|Win32
		{28A41C30-8009-4D21-8976-C56D3049DD57}.DLL_Release|Any CPU.ActiveCfg = Release|x64
		{28A41C30-8009-4D21-8976-C56D3049DD57}.DLL_Release|Any CPU.Build.0 = Release|x64
		{28A41C30-8009-4D21-8976-C56D3049DD57}.DLL_Release|ARM.ActiveCfg = Release|ARM
		{28A41C30-8009-4D21-8976-C56D3049DD57}.DLL_Release|ARM.Build.0 = Release|ARM
		{28A41C30-8009-4D21-8976-C56D3049DD57}.DLL_Release|ARM64.ActiveCfg = Release|x64
		{28A41C30-8009-4D21-8976-C56D3049DD57}.DLL_Release|ARM64.Build.0 = Release|x64
		{28A41C30-8009-4D21-8976-C56D3049DD57}.DLL_Release|x64.ActiveCfg = Release|x64
		{28A41C30-8009-4D21-8976-C56D3049DD57}.DLL_Release|x64.Build.0 = Release|x64
		{28A41C30-8009-4D21-8976-C56D3049DD57}.DLL_Release|x86.ActiveCfg = Release|Win32
		{28A41C30-8009-4D21-8976-C56D3049DD57}.DLL_Release|x86.Build.0 = Release|Win32
		{28A41C30-8009-4D21-8976-C56D3049DD57}.Lib_Debug|Any CPU.ActiveCfg = Release|x64
		{28A41C30-8009-4D21-8976-C56D3049DD57}.Lib_Debug|Any CPU.Build.0 = Release|x64
		{28A41C30-8009-4D21-8976-C56D3049DD57}.Lib_Debug|ARM.ActiveCfg = Debug|ARM
		{28A41C30-8009-4D21-8976-C56D3049DD57}.Lib_Debug|ARM.Build.0 = Debug|ARM
		{28A41C30-8009-4D21-8976-C56D3049DD57}.Lib_Debug|ARM64.ActiveCfg = Release|x64
		{28A41C30-8009-4D21-8976-C56D3049DD57}.Lib_Debug|ARM64.Build.0 = Release|x64
		{28A41C30-8009-4D21-8976-C56D3049DD57}.Lib_Debug|x64.ActiveCfg = Debug|x64
		{28A41C30-8009-4D21-8976-C56D3049DD57}.Lib_Debug|x64.Build.0 = Debug|x64
		{28A41C30-8009-4D21-8976-C56D3049DD57}.Lib_Debug|x86.ActiveCfg = Debug|Win32
		{28A41C30-8009-4D21-8976-C56D3049DD57}.Lib_Debug|x86.Build.0 = Debug|Win32
		{28A41C30-8009-4D21-8976-C56D3049DD57}.Lib_Release|Any CPU.ActiveCfg = Release|x64
		{28A41C30-8009-4D21-8976-C56D3049DD57}.Lib_Release|Any CPU.Build.0 = Release|x64
		{28A41C30-8009-4D21-8976-C56D3049DD57}.Lib_Release|ARM.ActiveCfg = Release|ARM
		{28A41C30-8009-4D21-8976-C56D3049DD57}.Lib_Release|ARM.Build.0 = Release|ARM
		{28A41C30-8009-4D21-8976-C56D3049DD57}.Lib_Release|ARM64.ActiveCfg = Release|x64
		{28A41C30-8009-4D21-8976-C56D3049DD57}.Lib_Release|ARM64.Build.0 = Release|x64
		{28A41C30-8009-4D21-8976-C56D3049DD57}.Lib_Release|x64.ActiveCfg = Release|x64
		{28A41C30-8009-4D21-8976-C56D3049DD57}.Lib_Release|x64.Build.0 = Release|x64
		{28A41C30-8009-4D21-8976-C56D3049DD57}.Lib_Release|x86.ActiveCfg = Release|Win32
		{28A41C30-8009-4D21-8976-C56D3049DD57}.Lib_Release|x86.Build.0 = Release|Win32
		{28A41C30-8009-4D21-8976-C56D3049DD57}.Release|Any CPU.ActiveCfg = Release|Win32
		{28A41C30-8009-4D21-8976-C56D3049DD57}.Release|ARM.ActiveCfg = Release|ARM
		{28A41C30-8009-4D21-8976-C56D3049DD57}.Release|ARM.Build.0 = Release|ARM
		{28A41C30-8009-4D21-8976-C56D3049DD57}.Release|ARM64.ActiveCfg = Release|Win32
		{28A41C30-8009-4D21-8976-C56D3049DD57}.Release|x64.ActiveCfg = Release|x64
		{28A41C30-8009-4D21-8976-C56D3049DD57}.Release|x64.Build.0 = Release|x64
		{28A41C30-8009-4D21-8976-C56D3049DD57}.Release|x86.ActiveCfg = Release|Win32
		{28A41C30-8009-4D21-8976-C56D3049DD57}.Release|x86.Build.0 = Release|Win32
		{6A0F48AD-367F-45CE-B5A6-E8315A32D774}.Debug|Any CPU.ActiveCfg = Debug|x64
		{6A0F48AD-367F-45CE-B5A6-E8315A32D774}.Debug|ARM.ActiveCfg = Debug|x64
		{6A0F48AD-367F-45CE-B5A6-E8315A32D774}.Debug|ARM64.ActiveCfg = Debug|x64
		{6A0F48AD-367F-45CE-B5A6-E8315A32D774}.Debug|x64.ActiveCfg = Debug|x64
		{6A0F48AD-367F-45CE-B5A6-E8315A32D774}.Debug|x64.Build.0 = Debug|x64
		{6A0F48AD-367F-45CE-B5A6-E8315A32D774}.Debug|x86.ActiveCfg = Debug|x64
		{6A0F48AD-367F-45CE-B5A6-E8315A32D774}.DLL_Debug|Any CPU.ActiveCfg = Release|x64
		{6A0F48AD-367F-45CE-B5A6-E8315A32D774}.DLL_Debug|Any CPU.Build.0 = Release|x64
		{6A0F48AD-367F-45CE-B5A6-E8315A32D774}.DLL_Debug|ARM.ActiveCfg = Release|x64
		{6A0F48AD-367F-45CE-B5A6-E8315A32D774}.DLL_Debug|ARM.Build.0 = Release|x64
		{6A0F48AD-367F-45CE-B5A6-E8315A32D774}.DLL_Debug|ARM64.ActiveCfg = Release|x64
		{6A0F48AD-367F-45CE-B5A6-E8315A32D774}.DLL_Debug|ARM64.Build.0 = Release|x64
		{6A0F48AD-367F-45CE-B5A6-E8315A32D774}.DLL_Debug|x64.ActiveCfg = Debug|x64
		{6A0F48AD-367F-45CE-B5A6-E8315A32D774}.DLL_Debug|x64.Build.0 = Debug|x64
		{6A0F48AD-367F-45CE-B5A6-E8315A32D774}.DLL_Debug|x86.ActiveCfg = Release|x64
		{6A0F48AD-367F-45CE-B5A6-E8315A32D774}.DLL_Debug|x86.Build.0 = Release|x64
		{6A0F48AD-367F-45CE-B5A6-E8315A32D774}.DLL_Release_MT|Any CPU.ActiveCfg = Release|x64
		{6A0F48AD-367F-45CE-B5A6-E8315A32D774}.DLL_Release_MT|Any CPU.Build.0 = Release|x64
		{6A0F48AD-367F-45CE-B5A6-E8315A32D774}.DLL_Release_MT|ARM.ActiveCfg = Release|x64
		{6A0F48AD-367F-45CE-B5A6-E8315A32D774}.DLL_Release_MT|ARM.Build.0 = Release|x64
		{6A0F48AD-367F-45CE-B5A6-E8315A32D774}.DLL_Release_MT|ARM64.ActiveCfg = Release|x64
		{6A0F48AD-367F-45CE-B5A6-E8315A32D774}.DLL_Release_MT|ARM64.Build.0 = Release|x64
		{6A0F48AD-367F-45CE-B5A6-E8315A32D774}.DLL_Release_MT|x64.ActiveCfg = Release|x64
		{6A0F48AD-367F-45CE-B5A6-E8315A32D774}.DLL_Release_MT|x64.Build.0 = Release|x64
		{6A0F48AD-367F-45CE-B5A6-E8315A32D774}.DLL_Release_MT|x86.ActiveCfg = Release|x64
		{6A0F48AD-367F-45CE-B5A6-E8315A32D774}.DLL_Release_MT|x86.Build.0 = Release|x64
		{6A0F48AD-367F-45CE-B5A6-E8315A32D774}.DLL_Release|Any CPU.ActiveCfg = Release|x64
		{6A0F48AD-367F-45CE-B5A6-E8315A32D774}.DLL_Release|Any CPU.Build.0 = Release|x64
		{6A0F48AD-367F-45CE-B5A6-E8315A32D774}.DLL_Release|ARM.ActiveCfg = Release|x64
		{6A0F48AD-367F-45CE-B5A6-E8315A32D774}.DLL_Release|ARM.Build.0 = Release|x64
		{6A0F48AD-367F-45CE-B5A6-E8315A32D774}.DLL_Release|ARM64.ActiveCfg = Release|x64
		{6A0F48AD-367F-45CE-B5A6-E8315A32D774}.DLL_Release|ARM64.Build.0 = Release|x64
		{6A0F48AD-367F-45CE-B5A6-E8315A32D774}.DLL_Release|x64.ActiveCfg = Release|x64
		{6A0F48AD-367F-45CE-B5A6-E8315A32D774}.DLL_Release|x64.Build.0 = Release|x64
		{6A0F48AD-367F-45CE-B5A6-E8315A32D774}.DLL_Release|x86.ActiveCfg = Release|x64
		{6A0F48AD-367F-45CE-B5A6-E8315A32D774}.DLL_Release|x86.Build.0 = Release|x64
		{6A0F48AD-367F-45CE-B5A6-E8315A32D774}.Lib_Debug|Any CPU.ActiveCfg = Release|x64
		{6A0F48AD-367F-45CE-B5A6-E8315A32D774}.Lib_Debug|Any CPU.Build.0 = Release|x64
		{6A0F48AD-367F-45CE-B5A6-E8315A32D774}.Lib_Debug|ARM.ActiveCfg = Release|x64
		{6A0F48AD-367F-45CE-B5A6-E8315A32D774}.Lib_Debug|ARM.Build.0 = Release|x64
		{6A0F48AD-367F-45CE-B5A6-E8315A32D774}.Lib_Debug|ARM64.ActiveCfg = Release|x64
		{6A0F48AD-367F-45CE-B5A6-E8315A32D774}.Lib_Debug|ARM64.Build.0 = Release|x64
		{6A0F48AD-367F-45CE-B5A6-E8315A32D774}.Lib_Debug|x64.ActiveCfg = Debug|x64
		{6A0F48AD-367F-45CE-B5A6-E8315A32D774}.Lib_Debug|x64.Build.0 = Debug|x64
		{6A0F48AD-367F-45CE-B5A6-E8315A32D774}.Lib_Debug|x86.ActiveCfg = Release|x64
		{6A0F48AD-367F-45CE-B5A6-E8315A32D774}.Lib_Debug|x86.Build.0 = Release|x64
		{6A0F48AD-367F-45CE-B5A6-E8315A32D774}.Lib_Release|Any CPU.ActiveCfg = Release|x64
		{6A0F48AD-367F-45CE-B5A6-E8315A32D774}.Lib_Release|Any CPU.Build.0 = Release|x64
		{6A0F48AD-367F-45CE-B5A6-E8315A32D774}.Lib_Release|ARM.ActiveCfg = Release|x64
		{6A0F48AD-367F-45CE-B5A6-E8315A32D774}.Lib_Release|ARM.Build.0 = Release|x64
		{6A0F48AD-367F-45CE-B5A6-E8315A32D774}.Lib_Release|ARM64.ActiveCfg = Release|x64
		{6A0F48AD-367F-45CE-B5A6-E8315A32D774}.Lib_Release|ARM64.Build.0 = Release|x64
		{6A0F48AD-367F-45CE-B5A6-E8315A32D774}.Lib_Release|x64.ActiveCfg = Release|x64
		{6A0F48AD-367F-45CE-B5A6-E8315A32D774}.Lib_Release|x64.Build.0 = Release|x64
		{6A0F48AD-367F-45CE-B5A6-E8315A32D774}.Lib_Release|x86.ActiveCfg = Release|x64
		{6A0F48AD-367F-45CE-B5A6-E8315A32D774}.Lib_Release|x86.Build.0 = Release|x64
		{6A0F48AD-367F-45CE-B5A6-E8315A32D774}.Release|Any CPU.ActiveCfg = Release|x64
		{6A0F48AD-367F-45CE-B5A6-E8315A32D774}.Release|ARM.ActiveCfg = Release|x64
		{6A0F48AD-367F-45CE-B5A6-E8315A32D774}.Release|ARM64.ActiveCfg = Release|x64
		{6A0F48AD-367F-45CE-B5A6-E8315A32D774}.Release|x64.ActiveCfg = Release|x64
		{6A0F48AD-367F-45CE-B5A6-E8315A32D774}.Release|x64.Build.0 = Release|x64
		{6A0F48AD-367F-45CE-B5A6-E8315A32D774}.Release|x86.ActiveCfg = Release|x64
		{0D2AEA47-7909-69E3-8221-F4B9EE7FCF44}.Debug|Any CPU.ActiveCfg = Debug|Win32
		{0D2AEA47-7909-69E3-8221-F4B9EE7FCF44}.Debug|ARM.ActiveCfg = Debug|Win32
		{0D2AEA47-7909-69E3-8221-F4B9EE7FCF44}.Debug|ARM64.ActiveCfg = Debug|Win32
		{0D2AEA47-7909-69E3-8221-F4B9EE7FCF44}.Debug|x64.ActiveCfg = Debug|x64
		{0D2AEA47-7909-69E3-8221-F4B9EE7FCF44}.Debug|x64.Build.0 = Debug|x64
		{0D2AEA47-7909-69E3-8221-F4B9EE7FCF44}.Debug|x86.ActiveCfg = Debug|Win32
		{0D2AEA47-7909-69E3-8221-F4B9EE7FCF44}.Debug|x86.Build.0 = Debug|Win32
		{0D2AEA47-7909-69E3-8221-F4B9EE7FCF44}.DLL_Debug|Any CPU.ActiveCfg = Release_MT|Win32
		{0D2AEA47-7909-69E3-8221-F4B9EE7FCF44}.DLL_Debug|Any CPU.Build.0 = Release_MT|Win32
		{0D2AEA47-7909-69E3-8221-F4B9EE7FCF44}.DLL_Debug|ARM.ActiveCfg = Release_MT|Win32
		{0D2AEA47-7909-69E3-8221-F4B9EE7FCF44}.DLL_Debug|ARM.Build.0 = Release_MT|Win32
		{0D2AEA47-7909-69E3-8221-F4B9EE7FCF44}.DLL_Debug|ARM64.ActiveCfg = Release_MT|Win32
		{0D2AEA47-7909-69E3-8221-F4B9EE7FCF44}.DLL_Debug|ARM64.Build.0 = Release_MT|Win32
		{0D2AEA47-7909-69E3-8221-F4B9EE7FCF44}.DLL_Debug|x64.ActiveCfg = Debug|x64
		{0D2AEA47-7909-69E3-8221-F4B9EE7FCF44}.DLL_Debug|x64.Build.0 = Debug|x64
		{0D2AEA47-7909-69E3-8221-F4B9EE7FCF44}.DLL_Debug|x86.ActiveCfg = Debug|Win32
		{0D2AEA47-7909-69E3-8221-F4B9EE7FCF44}.DLL_Debug|x86.Build.0 = Debug|Win32
		{0D2AEA47-7909-69E3-8221-F4B9EE7FCF44}.DLL_Release_MT|Any CPU.ActiveCfg = Release_MT|Win32
		{0D2AEA47-7909-69E3-8221-F4B9EE7FCF44}.DLL_Release_MT|Any CPU.Build.0 = Release_MT|Win32
		{0D2AEA47-7909-69E3-8221-F4B9EE7FCF44}.DLL_Release_MT|ARM.ActiveCfg = Release_MT|Win32
		{0D2AEA47-7909-69E3-8221-F4B9EE7FCF44}.DLL_Release_MT|ARM.Build.0 = Release_MT|Win32
		{0D2AEA47-7909-69E3-8221-F4B9EE7FCF44}.DLL_Release_MT|ARM64.ActiveCfg = Release_MT|Win32
		{0D2AEA47-7909-69E3-8221-F4B9EE7FCF44}.DLL_Release_MT|ARM64.Build.0 = Release_MT|Win32
		{0D2AEA47-7909-69E3-8221-F4B9EE7FCF44}.DLL_Release_MT|x64.ActiveCfg = Release_MT|x64
		{0D2AEA47-7909-69E3-8221-F4B9EE7FCF44}.DLL_Release_MT|x64.Build.0 = Release_MT|x64
		{0D2AEA47-7909-69E3-8221-F4B9EE7FCF44}.DLL_Release_MT|x86.ActiveCfg = Release_MT|Win32
		{0D2AEA47-7909-69E3-8221-F4B9EE7FCF44}.DLL_Release_MT|x86.Build.0 = Release_MT|Win32
		{0D2AEA47-7909-69E3-8221-F4B9EE7FCF44}.DLL_Release|Any CPU.ActiveCfg = Release_MT|Win32
		{0D2AEA47-7909-69E3-8221-F4B9EE7FCF44}.DLL_Release|Any CPU.Build.0 = Release_MT|Win32
		{0D2AEA47-7909-69E3-8221-F4B9EE7FCF44}.DLL_Release|ARM.ActiveCfg = Release_MT|Win32
		{0D2AEA47-7909-69E3-8221-F4B9EE7FCF44}.DLL_Release|ARM.Build.0 = Release_MT|Win32
		{0D2AEA47-7909-69E3-8221-F4B9EE7FCF44}.DLL_Release|ARM64.ActiveCfg = Release_MT|Win32
		{0D2AEA47-7909-69E3-8221-F4B9EE7FCF44}.DLL_Release|ARM64.Build.0 = Release_MT|Win32
		{0D2AEA47-7909-69E3-8221-F4B9EE7FCF44}.DLL_Release|x64.ActiveCfg = Release|x64
		{0D2AEA47-7909-69E3-8221-F4B9EE7FCF44}.DLL_Release|x64.Build.0 = Release|x64
		{0D2AEA47-7909-69E3-8221-F4B9EE7FCF44}.DLL_Release|x86.ActiveCfg = Release|Win32
		{0D2AEA47-7909-69E3-8221-F4B9EE7FCF44}.DLL_Release|x86.Build.0 = Release|Win32
		{0D2AEA47-7909-69E3-8221-F4B9EE7FCF44}.Lib_Debug|Any CPU.ActiveCfg = Release_MT|Win32
		{0D2AEA47-7909-69E3-8221-F4B9EE7FCF44}.Lib_Debug|Any CPU.Build.0 = Release_MT|Win32
		{0D2AEA47-7909-69E3-8221-F4B9EE7FCF44}.Lib_Debug|ARM.ActiveCfg = Release_MT|Win32
		{0D2AEA47-7909-69E3-8221-F4B9EE7FCF44}.Lib_Debug|ARM.Build.0 = Release_MT|Win32
		{0D2AEA47-7909-69E3-8221-F4B9EE7FCF44}.Lib_Debug|ARM64.ActiveCfg = Release_MT|Win32
		{0D2AEA47-7909-69E3-8221-F4B9EE7FCF44}.Lib_Debug|ARM64.Build.0 = Release_MT|Win32
		{0D2AEA47-7909-69E3-8221-F4B9EE7FCF44}.Lib_Debug|x64.ActiveCfg = Debug|x64
		{0D2AEA47-7909-69E3-8221-F4B9EE7FCF44}.Lib_Debug|x64.Build.0 = Debug|x64
		{0D2AEA47-7909-69E3-8221-F4B9EE7FCF44}.Lib_Debug|x86.ActiveCfg = Debug|Win32
		{0D2AEA47-7909-69E3-8221-F4B9EE7FCF44}.Lib_Debug|x86.Build.0 = Debug|Win32
		{0D2AEA47-7909-69E3-8221-F4B9EE7FCF44}.Lib_Release|Any CPU.ActiveCfg = Release_MT|Win32
		{0D2AEA47-7909-69E3-8221-F4B9EE7FCF44}.Lib_Release|Any CPU.Build.0 = Release_MT|Win32
		{0D2AEA47-7909-69E3-8221-F4B9EE7FCF44}.Lib_Release|ARM.ActiveCfg = Release_MT|Win32
		{0D2AEA47-7909-69E3-8221-F4B9EE7FCF44}.Lib_Release|ARM.Build.0 = Release_MT|Win32
		{0D2AEA47-7909-69E3-8221-F4B9EE7FCF44}.Lib_Release|ARM64.ActiveCfg = Release_MT|Win32
		{0D2AEA47-7909-69E3-8221-F4B9EE7FCF44}.Lib_Release|ARM64.Build.0 = Release_MT|Win32
		{0D2AEA47-7909-69E3-8221-F4B9EE7FCF44}.Lib_Release|x64.ActiveCfg = Release|x64
		{0D2AEA47-7909-69E3-8221-F4B9EE7FCF44}.Lib_Release|x64.Build.0 = Release|x64
		{0D2AEA47-7909-69E3-8221-F4B9EE7FCF44}.Lib_Release|x86.ActiveCfg = Release|Win32
		{0D2AEA47-7909-69E3-8221-F4B9EE7FCF44}.Lib_Release|x86.Build.0 = Release|Win32
		{0D2AEA47-7909-69E3-8221-F4B9EE7FCF44}.Release|Any CPU.ActiveCfg = Release|Win32
		{0D2AEA47-7909-69E3-8221-F4B9EE7FCF44}.Release|ARM.ActiveCfg = Release|Win32
		{0D2AEA47-7909-69E3-8221-F4B9EE7FCF44}.Release|ARM64.ActiveCfg = Release|Win32
		{0D2AEA47-7909-69E3-8221-F4B9EE7FCF44}.Release|x64.ActiveCfg = Release|x64
		{0D2AEA47-7909-69E3-8221-F4B9EE7FCF44}.Release|x64.Build.0 = Release|x64
		{0D2AEA47-7909-69E3-8221-F4B9EE7FCF44}.Release|x86.ActiveCfg = Release|Win32
		{0D2AEA47-7909-69E3-8221-F4B9EE7FCF44}.Release|x86.Build.0 = Release|Win32
		{ED533122-434D-4EC6-9653-2F8A51CE2F18}.Debug|Any CPU.ActiveCfg = Debug|Win32
		{ED533122-434D-4EC6-9653-2F8A51CE2F18}.Debug|ARM.ActiveCfg = Debug|Win32
		{ED533122-434D-4EC6-9653-2F8A51CE2F18}.Debug|ARM64.ActiveCfg = Debug|Win32
		{ED533122-434D-4EC6-9653-2F8A51CE2F18}.Debug|x64.ActiveCfg = Debug|x64
		{ED533122-434D-4EC6-9653-2F8A51CE2F18}.Debug|x64.Build.0 = Debug|x64
		{ED533122-434D-4EC6-9653-2F8A51CE2F18}.Debug|x86.ActiveCfg = Debug|Win32
		{ED533122-434D-4EC6-9653-2F8A51CE2F18}.Debug|x86.Build.0 = Debug|Win32
		{ED533122-434D-4EC6-9653-2F8A51CE2F18}.DLL_Debug|Any CPU.ActiveCfg = Release|x64
		{ED533122-434D-4EC6-9653-2F8A51CE2F18}.DLL_Debug|Any CPU.Build.0 = Release|x64
		{ED533122-434D-4EC6-9653-2F8A51CE2F18}.DLL_Debug|ARM.ActiveCfg = Release|x64
		{ED533122-434D-4EC6-9653-2F8A51CE2F18}.DLL_Debug|ARM.Build.0 = Release|x64
		{ED533122-434D-4EC6-9653-2F8A51CE2F18}.DLL_Debug|ARM64.ActiveCfg = Release|x64
		{ED533122-434D-4EC6-9653-2F8A51CE2F18}.DLL_Debug|ARM64.Build.0 = Release|x64
		{ED533122-434D-4EC6-9653-2F8A51CE2F18}.DLL_Debug|x64.ActiveCfg = Debug|x64
		{ED533122-434D-4EC6-9653-2F8A51CE2F18}.DLL_Debug|x64.Build.0 = Debug|x64
		{ED533122-434D-4EC6-9653-2F8A51CE2F18}.DLL_Debug|x86.ActiveCfg = Debug|Win32
		{ED533122-434D-4EC6-9653-2F8A51CE2F18}.DLL_Debug|x86.Build.0 = Debug|Win32
		{ED533122-434D-4EC6-9653-2F8A51CE2F18}.DLL_Release_MT|Any CPU.ActiveCfg = Release|x64
		{ED533122-434D-4EC6-9653-2F8A51CE2F18}.DLL_Release_MT|Any CPU.Build.0 = Release|x64
		{ED533122-434D-4EC6-9653-2F8A51CE2F18}.DLL_Release_MT|ARM.ActiveCfg = Release|x64
		{ED533122-434D-4EC6-9653-2F8A51CE2F18}.DLL_Release_MT|ARM.Build.0 = Release|x64
		{ED533122-434D-4EC6-9653-2F8A51CE2F18}.DLL_Release_MT|ARM64.ActiveCfg = Release|x64
		{ED533122-434D-4EC6-9653-2F8A51CE2F18}.DLL_Release_MT|ARM64.Build.0 = Release|x64
		{ED533122-434D-4EC6-9653-2F8A51CE2F18}.DLL_Release_MT|x64.ActiveCfg = Release|x64
		{ED533122-434D-4EC6-9653-2F8A51CE2F18}.DLL_Release_MT|x64.Build.0 = Release|x64
		{ED533122-434D-4EC6-9653-2F8A51CE2F18}.DLL_Release_MT|x86.ActiveCfg = Release|Win32
		{ED533122-434D-4EC6-9653-2F8A51CE2F18}.DLL_Release_MT|x86.Build.0 = Release|Win32
		{ED533122-434D-4EC6-9653-2F8A51CE2F18}.DLL_Release|Any CPU.ActiveCfg = Release|x64
		{ED533122-434D-4EC6-9653-2F8A51CE2F18}.DLL_Release|Any CPU.Build.0 = Release|x64
		{ED533122-434D-4EC6-9653-2F8A51CE2F18}.DLL_Release|ARM.ActiveCfg = Release|x64
		{ED533122-434D-4EC6-9653-2F8A51CE2F18}.DLL_Release|ARM.Build.0 = Release|x64
		{ED533122-434D-4EC6-9653-2F8A51CE2F18}.DLL_Release|ARM64.ActiveCfg = Release|x64
		{ED533122-434D-4EC6-9653-2F8A51CE2F18}.DLL_Release|ARM64.Build.0 = Release|x64
		{ED533122-434D-4EC6-9653-2F8A51CE2F18}.DLL_Release|x64.ActiveCfg = Release|x64
		{ED533122-434D-4EC6-9653-2F8A51CE2F18}.DLL_Release|x64.Build.0 = Release|x64
		{ED533122-434D-4EC6-9653-2F8A51CE2F18}.DLL_Release|x86.ActiveCfg = Release|Win32
		{ED533122-434D-4EC6-9653-2F8A51CE2F18}.DLL_Release|x86.Build.0 = Release|Win32
		{ED533122-434D-4EC6-9653-2F8A51CE2F18}.Lib_Debug|Any CPU.ActiveCfg = Release|x64
		{ED533122-434D-4EC6-9653-2F8A51CE2F18}.Lib_Debug|Any CPU.Build.0 = Release|x64
		{ED533122-434D-4EC6-9653-2F8A51CE2F18}.Lib_Debug|ARM.ActiveCfg = Release|x64
		{ED533122-434D-4EC6-9653-2F8A51CE2F18}.Lib_Debug|ARM.Build.0 = Release|x64
		{ED533122-434D-4EC6-9653-2F8A51CE2F18}.Lib_Debug|ARM64.ActiveCfg = Release|x64
		{ED533122-434D-4EC6-9653-2F8A51CE2F18}.Lib_Debug|ARM64.Build.0 = Release|x64
		{ED533122-434D-4EC6-9653-2F8A51CE2F18}.Lib_Debug|x64.ActiveCfg = Debug|x64
		{ED533122-434D-4EC6-9653-2F8A51CE2F18}.Lib_Debug|x64.Build.0 = Debug|x64
		{ED533122-434D-4EC6-9653-2F8A51CE2F18}.Lib_Debug|x86.ActiveCfg = Debug|Win32
		{ED533122-434D-4EC6-9653-2F8A51CE2F18}.Lib_Debug|x86.Build.0 = Debug|Win32
		{ED533122-434D-4EC6-9653-2F8A51CE2F18}.Lib_Release|Any CPU.ActiveCfg = Release|x64
		{ED533122-434D-4EC6-9653-2F8A51CE2F18}.Lib_Release|Any CPU.Build.0 = Release|x64
		{ED533122-434D-4EC6-9653-2F8A51CE2F18}.Lib_Release|ARM.ActiveCfg = Release|x64
		{ED533122-434D-4EC6-9653-2F8A51CE2F18}.Lib_Release|ARM.Build.0 = Release|x64
		{ED533122-434D-4EC6-9653-2F8A51CE2F18}.Lib_Release|ARM64.ActiveCfg = Release|x64
		{ED533122-434D-4EC6-9653-2F8A51CE2F18}.Lib_Release|ARM64.Build.0 = Release|x64
		{ED533122-434D-4EC6-9653-2F8A51CE2F18}.Lib_Release|x64.ActiveCfg = Release|x64
		{ED533122-434D-4EC6-9653-2F8A51CE2F18}.Lib_Release|x64.Build.0 = Release|x64
		{ED533122-434D-4EC6-9653-2F8A51CE2F18}.Lib_Release|x86.ActiveCfg = Release|Win32
		{ED533122-434D-4EC6-9653-2F8A51CE2F18}.Lib_Release|x86.Build.0 = Release|Win32
		{ED533122-434D-4EC6-9653-2F8A51CE2F18}.Release|Any CPU.ActiveCfg = Release|Win32
		{ED533122-434D-4EC6-9653-2F8A51CE2F18}.Release|ARM.ActiveCfg = Release|Win32
		{ED533122-434D-4EC6-9653-2F8A51CE2F18}.Release|ARM64.ActiveCfg = Release|Win32
		{ED533122-434D-4EC6-9653-2F8A51CE2F18}.Release|x64.ActiveCfg = Release|x64
		{ED533122-434D-4EC6-9653-2F8A51CE2F18}.Release|x64.Build.0 = Release|x64
		{ED533122-434D-4EC6-9653-2F8A51CE2F18}.Release|x86.ActiveCfg = Release|Win32
		{ED533122-434D-4EC6-9653-2F8A51CE2F18}.Release|x86.Build.0 = Release|Win32
		{5CB29E1D-E89D-42AE-9C2D-DBC0A988C843}.Debug|Any CPU.ActiveCfg = Debug|Any CPU
		{5CB29E1D-E89D-42AE-9C2D-DBC0A988C843}.Debug|ARM.ActiveCfg = Debug|Any CPU
		{5CB29E1D-E89D-42AE-9C2D-DBC0A988C843}.Debug|ARM64.ActiveCfg = Debug|Any CPU
		{5CB29E1D-E89D-42AE-9C2D-DBC0A988C843}.Debug|x64.ActiveCfg = Debug|Any CPU
		{5CB29E1D-E89D-42AE-9C2D-DBC0A988C843}.Debug|x86.ActiveCfg = Debug|Any CPU
		{5CB29E1D-E89D-42AE-9C2D-DBC0A988C843}.DLL_Debug|Any CPU.ActiveCfg = Debug|Any CPU
		{5CB29E1D-E89D-42AE-9C2D-DBC0A988C843}.DLL_Debug|ARM.ActiveCfg = Debug|Any CPU
		{5CB29E1D-E89D-42AE-9C2D-DBC0A988C843}.DLL_Debug|ARM64.ActiveCfg = Debug|Any CPU
		{5CB29E1D-E89D-42AE-9C2D-DBC0A988C843}.DLL_Debug|x64.ActiveCfg = Debug|Any CPU
		{5CB29E1D-E89D-42AE-9C2D-DBC0A988C843}.DLL_Debug|x86.ActiveCfg = Debug|Any CPU
		{5CB29E1D-E89D-42AE-9C2D-DBC0A988C843}.DLL_Release_MT|Any CPU.ActiveCfg = Release|Any CPU
		{5CB29E1D-E89D-42AE-9C2D-DBC0A988C843}.DLL_Release_MT|ARM.ActiveCfg = Release|Any CPU
		{5CB29E1D-E89D-42AE-9C2D-DBC0A988C843}.DLL_Release_MT|ARM64.ActiveCfg = Release|Any CPU
		{5CB29E1D-E89D-42AE-9C2D-DBC0A988C843}.DLL_Release_MT|x64.ActiveCfg = Release|Any CPU
		{5CB29E1D-E89D-42AE-9C2D-DBC0A988C843}.DLL_Release_MT|x86.ActiveCfg = Release|Any CPU
		{5CB29E1D-E89D-42AE-9C2D-DBC0A988C843}.DLL_Release|Any CPU.ActiveCfg = Release|Any CPU
		{5CB29E1D-E89D-42AE-9C2D-DBC0A988C843}.DLL_Release|ARM.ActiveCfg = Release|Any CPU
		{5CB29E1D-E89D-42AE-9C2D-DBC0A988C843}.DLL_Release|ARM64.ActiveCfg = Release|Any CPU
		{5CB29E1D-E89D-42AE-9C2D-DBC0A988C843}.DLL_Release|x64.ActiveCfg = Release|Any CPU
		{5CB29E1D-E89D-42AE-9C2D-DBC0A988C843}.DLL_Release|x86.ActiveCfg = Release|Any CPU
		{5CB29E1D-E89D-42AE-9C2D-DBC0A988C843}.Lib_Debug|Any CPU.ActiveCfg = Debug|Any CPU
		{5CB29E1D-E89D-42AE-9C2D-DBC0A988C843}.Lib_Debug|ARM.ActiveCfg = Debug|Any CPU
		{5CB29E1D-E89D-42AE-9C2D-DBC0A988C843}.Lib_Debug|ARM64.ActiveCfg = Debug|Any CPU
		{5CB29E1D-E89D-42AE-9C2D-DBC0A988C843}.Lib_Debug|x64.ActiveCfg = Debug|Any CPU
		{5CB29E1D-E89D-42AE-9C2D-DBC0A988C843}.Lib_Debug|x86.ActiveCfg = Debug|Any CPU
		{5CB29E1D-E89D-42AE-9C2D-DBC0A988C843}.Lib_Release|Any CPU.ActiveCfg = Release|Any CPU
		{5CB29E1D-E89D-42AE-9C2D-DBC0A988C843}.Lib_Release|ARM.ActiveCfg = Release|Any CPU
		{5CB29E1D-E89D-42AE-9C2D-DBC0A988C843}.Lib_Release|ARM64.ActiveCfg = Release|Any CPU
		{5CB29E1D-E89D-42AE-9C2D-DBC0A988C843}.Lib_Release|x64.ActiveCfg = Release|Any CPU
		{5CB29E1D-E89D-42AE-9C2D-DBC0A988C843}.Lib_Release|x86.ActiveCfg = Release|Any CPU
		{5CB29E1D-E89D-42AE-9C2D-DBC0A988C843}.Release|Any CPU.ActiveCfg = Release|Any CPU
		{5CB29E1D-E89D-42AE-9C2D-DBC0A988C843}.Release|ARM.ActiveCfg = Release|Any CPU
		{5CB29E1D-E89D-42AE-9C2D-DBC0A988C843}.Release|ARM64.ActiveCfg = Release|Any CPU
		{5CB29E1D-E89D-42AE-9C2D-DBC0A988C843}.Release|x64.ActiveCfg = Release|Any CPU
		{5CB29E1D-E89D-42AE-9C2D-DBC0A988C843}.Release|x86.ActiveCfg = Release|Any CPU
		{252C0AF0-91E1-82E5-1AD6-7CBC868A79E9}.Debug|Any CPU.ActiveCfg = DLL_Release|x64
		{252C0AF0-91E1-82E5-1AD6-7CBC868A79E9}.Debug|Any CPU.Build.0 = DLL_Release|x64
		{252C0AF0-91E1-82E5-1AD6-7CBC868A79E9}.Debug|ARM.ActiveCfg = DLL_Release|x64
		{252C0AF0-91E1-82E5-1AD6-7CBC868A79E9}.Debug|ARM.Build.0 = DLL_Release|x64
		{252C0AF0-91E1-82E5-1AD6-7CBC868A79E9}.Debug|ARM64.ActiveCfg = DLL_Release|x64
		{252C0AF0-91E1-82E5-1AD6-7CBC868A79E9}.Debug|ARM64.Build.0 = DLL_Release|x64
		{252C0AF0-91E1-82E5-1AD6-7CBC868A79E9}.Debug|x64.ActiveCfg = DLL_Debug|x64
		{252C0AF0-91E1-82E5-1AD6-7CBC868A79E9}.Debug|x64.Build.0 = DLL_Debug|x64
		{252C0AF0-91E1-82E5-1AD6-7CBC868A79E9}.Debug|x86.ActiveCfg = DLL_Debug|Win32
		{252C0AF0-91E1-82E5-1AD6-7CBC868A79E9}.Debug|x86.Build.0 = DLL_Debug|Win32
		{252C0AF0-91E1-82E5-1AD6-7CBC868A79E9}.DLL_Debug|Any CPU.ActiveCfg = DLL_Debug|Win32
		{252C0AF0-91E1-82E5-1AD6-7CBC868A79E9}.DLL_Debug|ARM.ActiveCfg = DLL_Debug|Win32
		{252C0AF0-91E1-82E5-1AD6-7CBC868A79E9}.DLL_Debug|ARM64.ActiveCfg = DLL_Debug|Win32
		{252C0AF0-91E1-82E5-1AD6-7CBC868A79E9}.DLL_Debug|x64.ActiveCfg = DLL_Debug|x64
		{252C0AF0-91E1-82E5-1AD6-7CBC868A79E9}.DLL_Debug|x64.Build.0 = DLL_Debug|x64
		{252C0AF0-91E1-82E5-1AD6-7CBC868A79E9}.DLL_Debug|x86.ActiveCfg = DLL_Debug|Win32
		{252C0AF0-91E1-82E5-1AD6-7CBC868A79E9}.DLL_Debug|x86.Build.0 = DLL_Debug|Win32
		{252C0AF0-91E1-82E5-1AD6-7CBC868A79E9}.DLL_Release_MT|Any CPU.ActiveCfg = DLL_Release_MT|Win32
		{252C0AF0-91E1-82E5-1AD6-7CBC868A79E9}.DLL_Release_MT|ARM.ActiveCfg = DLL_Release_MT|Win32
		{252C0AF0-91E1-82E5-1AD6-7CBC868A79E9}.DLL_Release_MT|ARM64.ActiveCfg = DLL_Release_MT|Win32
		{252C0AF0-91E1-82E5-1AD6-7CBC868A79E9}.DLL_Release_MT|x64.ActiveCfg = DLL_Release_MT|x64
		{252C0AF0-91E1-82E5-1AD6-7CBC868A79E9}.DLL_Release_MT|x64.Build.0 = DLL_Release_MT|x64
		{252C0AF0-91E1-82E5-1AD6-7CBC868A79E9}.DLL_Release_MT|x86.ActiveCfg = DLL_Release_MT|Win32
		{252C0AF0-91E1-82E5-1AD6-7CBC868A79E9}.DLL_Release_MT|x86.Build.0 = DLL_Release_MT|Win32
		{252C0AF0-91E1-82E5-1AD6-7CBC868A79E9}.DLL_Release|Any CPU.ActiveCfg = DLL_Release|Win32
		{252C0AF0-91E1-82E5-1AD6-7CBC868A79E9}.DLL_Release|ARM.ActiveCfg = DLL_Release|Win32
		{252C0AF0-91E1-82E5-1AD6-7CBC868A79E9}.DLL_Release|ARM64.ActiveCfg = DLL_Release|Win32
		{252C0AF0-91E1-82E5-1AD6-7CBC868A79E9}.DLL_Release|x64.ActiveCfg = DLL_Release|x64
		{252C0AF0-91E1-82E5-1AD6-7CBC868A79E9}.DLL_Release|x64.Build.0 = DLL_Release|x64
		{252C0AF0-91E1-82E5-1AD6-7CBC868A79E9}.DLL_Release|x86.ActiveCfg = DLL_Release|Win32
		{252C0AF0-91E1-82E5-1AD6-7CBC868A79E9}.DLL_Release|x86.Build.0 = DLL_Release|Win32
		{252C0AF0-91E1-82E5-1AD6-7CBC868A79E9}.Lib_Debug|Any CPU.ActiveCfg = Lib_Debug|Win32
		{252C0AF0-91E1-82E5-1AD6-7CBC868A79E9}.Lib_Debug|ARM.ActiveCfg = Lib_Debug|Win32
		{252C0AF0-91E1-82E5-1AD6-7CBC868A79E9}.Lib_Debug|ARM64.ActiveCfg = Lib_Debug|Win32
		{252C0AF0-91E1-82E5-1AD6-7CBC868A79E9}.Lib_Debug|x64.ActiveCfg = Lib_Debug|x64
		{252C0AF0-91E1-82E5-1AD6-7CBC868A79E9}.Lib_Debug|x64.Build.0 = Lib_Debug|x64
		{252C0AF0-91E1-82E5-1AD6-7CBC868A79E9}.Lib_Debug|x86.ActiveCfg = Lib_Debug|Win32
		{252C0AF0-91E1-82E5-1AD6-7CBC868A79E9}.Lib_Debug|x86.Build.0 = Lib_Debug|Win32
		{252C0AF0-91E1-82E5-1AD6-7CBC868A79E9}.Lib_Release|Any CPU.ActiveCfg = Lib_Release|Win32
		{252C0AF0-91E1-82E5-1AD6-7CBC868A79E9}.Lib_Release|ARM.ActiveCfg = Lib_Release|Win32
		{252C0AF0-91E1-82E5-1AD6-7CBC868A79E9}.Lib_Release|ARM64.ActiveCfg = Lib_Release|Win32
		{252C0AF0-91E1-82E5-1AD6-7CBC868A79E9}.Lib_Release|x64.ActiveCfg = Lib_Release|x64
		{252C0AF0-91E1-82E5-1AD6-7CBC868A79E9}.Lib_Release|x64.Build.0 = Lib_Release|x64
		{252C0AF0-91E1-82E5-1AD6-7CBC868A79E9}.Lib_Release|x86.ActiveCfg = Lib_Release|Win32
		{252C0AF0-91E1-82E5-1AD6-7CBC868A79E9}.Lib_Release|x86.Build.0 = Lib_Release|Win32
		{252C0AF0-91E1-82E5-1AD6-7CBC868A79E9}.Release|Any CPU.ActiveCfg = DLL_Release|x64
		{252C0AF0-91E1-82E5-1AD6-7CBC868A79E9}.Release|Any CPU.Build.0 = DLL_Release|x64
		{252C0AF0-91E1-82E5-1AD6-7CBC868A79E9}.Release|ARM.ActiveCfg = DLL_Release|x64
		{252C0AF0-91E1-82E5-1AD6-7CBC868A79E9}.Release|ARM.Build.0 = DLL_Release|x64
		{252C0AF0-91E1-82E5-1AD6-7CBC868A79E9}.Release|ARM64.ActiveCfg = DLL_Release|x64
		{252C0AF0-91E1-82E5-1AD6-7CBC868A79E9}.Release|ARM64.Build.0 = DLL_Release|x64
		{252C0AF0-91E1-82E5-1AD6-7CBC868A79E9}.Release|x64.ActiveCfg = DLL_Release|x64
		{252C0AF0-91E1-82E5-1AD6-7CBC868A79E9}.Release|x64.Build.0 = DLL_Release|x64
		{252C0AF0-91E1-82E5-1AD6-7CBC868A79E9}.Release|x86.ActiveCfg = DLL_Release|Win32
		{252C0AF0-91E1-82E5-1AD6-7CBC868A79E9}.Release|x86.Build.0 = DLL_Release|Win32
	EndGlobalSection
	GlobalSection(SolutionProperties) = preSolution
		HideSolutionNode = FALSE
	EndGlobalSection
	GlobalSection(NestedProjects) = preSolution
		{45D41ACC-2C3C-43D2-BC10-02AA73FFC7C7} = {26C0D876-AC0A-48A3-ABA8-BD157A6BEB82}
		{1849DE30-433D-4789-BDCA-9780033C61D5} = {26C0D876-AC0A-48A3-ABA8-BD157A6BEB82}
		{C4ED9BE7-5A08-4BFC-82C3-85E13F9D85AD} = {26C0D876-AC0A-48A3-ABA8-BD157A6BEB82}
		{E9D8E2A8-4043-4163-885C-D44C5BA97CE9} = {9602FFE4-E679-4249-87B5-370428458788}
		{C005CA5D-8870-49DF-8FCC-DAB6D1C5AD80} = {9602FFE4-E679-4249-87B5-370428458788}
		{C4B16266-AB39-4716-9057-90FF799088D7} = {9602FFE4-E679-4249-87B5-370428458788}
		{60B46A6D-28D4-4490-B7B5-8178D799AB29} = {9D9D6AEC-2309-4F47-948A-D130439936C7}
		{15D57052-73AD-4977-AB53-FBD0E92C4DDF} = {9D9D6AEC-2309-4F47-948A-D130439936C7}
		{9D9D6AEC-2309-4F47-948A-D130439936C7} = {0FAB9C00-EBCF-4295-91DB-9D8043FF7290}
		{26C0D876-AC0A-48A3-ABA8-BD157A6BEB82} = {9512D961-879A-4BC8-8D6C-68DCCF25F17A}
		{D61C3E69-6050-4133-848D-D2007D2C2E23} = {9D9D6AEC-2309-4F47-948A-D130439936C7}
		{779770C0-FD18-4960-9E99-B06C4BD5B9EE} = {9D9D6AEC-2309-4F47-948A-D130439936C7}
		{28A41C30-8009-4D21-8976-C56D3049DD57} = {9D9D6AEC-2309-4F47-948A-D130439936C7}
		{ECF52B81-5194-4B25-90A9-9BD0757F5A87} = {0FAB9C00-EBCF-4295-91DB-9D8043FF7290}
		{6A0F48AD-367F-45CE-B5A6-E8315A32D774} = {ECF52B81-5194-4B25-90A9-9BD0757F5A87}
		{E9E01B3F-B9C8-44BC-9D5B-F545A7B27AAD} = {9512D961-879A-4BC8-8D6C-68DCCF25F17A}
		{0D2AEA47-7909-69E3-8221-F4B9EE7FCF44} = {E9E01B3F-B9C8-44BC-9D5B-F545A7B27AAD}
		{ED533122-434D-4EC6-9653-2F8A51CE2F18} = {E9E01B3F-B9C8-44BC-9D5B-F545A7B27AAD}
		{5CB29E1D-E89D-42AE-9C2D-DBC0A988C843} = {E9E01B3F-B9C8-44BC-9D5B-F545A7B27AAD}
		{252C0AF0-91E1-82E5-1AD6-7CBC868A79E9} = {E9E01B3F-B9C8-44BC-9D5B-F545A7B27AAD}
	EndGlobalSection
EndGlobal
