<?xml version="1.0" encoding="utf-8"?>
<Project ToolsVersion="14.0" xmlns="http://schemas.microsoft.com/developer/msbuild/2003">
  <ItemGroup>
    <Filter Include="Shaders">
      <UniqueIdentifier>{11405624-8d7b-4d7f-ac00-7bb42fa67b97}</UniqueIdentifier>
    </Filter>
  </ItemGroup>
  <ItemGroup>
    <FxCompile Include="..\shaders\computesh.hlsl" />
    <FxCompile Include="..\shaders\dfg.hlsl" />
    <FxCompile Include="..\shaders\gaussianh.hlsl" />
    <FxCompile Include="..\shaders\gaussianv.hlsl" />
    <FxCompile Include="..\shaders\ibl.hlsl" />
    <FxCompile Include="..\shaders\importance_sampling_specular.hlsl" />
    <FxCompile Include="..\shaders\linearize_depth.hlsl" />
    <FxCompile Include="..\shaders\object_gbuffer.hlsl" />
    <FxCompile Include="..\shaders\screenquad.hlsl" />
    <FxCompile Include="..\shaders\skinnedobject.hlsl" />
    <FxCompile Include="..\shaders\skybox.hlsl" />
    <FxCompile Include="..\shaders\skyboxvert.hlsl" />
    <FxCompile Include="..\shaders\ssao.hlsl" />
    <FxCompile Include="..\shaders\sunlight.hlsl" />
  </ItemGroup>
  <ItemGroup>
    <ClCompile Include="d3d_interface.cpp" />
  </ItemGroup>
  <ItemGroup>
    <None Include="packages.config" />
  </ItemGroup>
</Project>