<?xml version="1.0" encoding="utf-8"?>
<Project ToolsVersion="4.0" xmlns="http://schemas.microsoft.com/developer/msbuild/2003">
  <ItemGroup>
    <Filter Include="Resource Files">
      <UniqueIdentifier>{67DA6AB6-F800-4c08-8B7A-83BB121AAD01}</UniqueIdentifier>
      <Extensions>rc;ico;cur;bmp;dlg;rc2;rct;bin;rgs;gif;jpg;jpeg;jpe;resx;tiff;tif;png;wav;mfcribbon-ms</Extensions>
    </Filter>
  </ItemGroup>
  <ItemGroup>
    <None Include="..\shaders\object_gbuffer.frag">
      <Filter>Resource Files</Filter>
    </None>
    <None Include="..\shaders\object.vert">
      <Filter>Resource Files</Filter>
    </None>
    <None Include="..\shaders\screenquad.vert">
      <Filter>Resource Files</Filter>
    </None>
    <None Include="..\shaders\sunlight.frag">
      <Filter>Resource Files</Filter>
    </None>
    <None Include="..\shaders\skybox.frag">
      <Filter>Resource Files</Filter>
    </None>
    <None Include="..\shaders\skybox.vert">
      <Filter>Resource Files</Filter>
    </None>
    <None Include="..\shaders\computesh.comp">
      <Filter>Resource Files</Filter>
    </None>
    <None Include="..\shaders\ibl.frag">
      <Filter>Resource Files</Filter>
    </None>
    <None Include="..\shaders\importance_sampling_specular.comp">
      <Filter>Resource Files</Filter>
    </None>
    <None Include="..\shaders\dfg.comp">
      <Filter>Resource Files</Filter>
    </None>
    <None Include="..\shaders\linearize_depth.frag">
      <Filter>Resource Files</Filter>
    </None>
    <None Include="..\shaders\ssao.frag">
      <Filter>Resource Files</Filter>
    </None>
    <None Include="..\shaders\gaussian_h.comp">
      <Filter>Resource Files</Filter>
    </None>
    <None Include="..\shaders\gaussian_v.comp">
      <Filter>Resource Files</Filter>
    </None>
  </ItemGroup>
  <ItemGroup>
    <ClCompile Include="vulkan_interface.cpp" />
  </ItemGroup>
</Project>