<?xml version="1.0" encoding="utf-8"?>
<Project ToolsVersion="4.0" xmlns="http://schemas.microsoft.com/developer/msbuild/2003">
  <ItemGroup>
    <Filter Include="Source Files">
      <UniqueIdentifier>{4FC737F1-C7A5-4376-A066-2A32D752A2FF}</UniqueIdentifier>
      <Extensions>cpp;c;cc;cxx;def;odl;idl;hpj;bat;asm;asmx</Extensions>
    </Filter>
    <Filter Include="Header Files">
      <UniqueIdentifier>{93995380-89BD-4b04-88EB-625FBE52EBFB}</UniqueIdentifier>
      <Extensions>h;hh;hpp;hxx;hm;inl;inc;xsd</Extensions>
    </Filter>
    <Filter Include="Resource Files">
      <UniqueIdentifier>{67DA6AB6-F800-4c08-8B7A-83BB121AAD01}</UniqueIdentifier>
      <Extensions>rc;ico;cur;bmp;dlg;rc2;rct;bin;rgs;gif;jpg;jpeg;jpe;resx;tiff;tif;png;wav;mfcribbon-ms</Extensions>
    </Filter>
  </ItemGroup>
  <ItemGroup>
    <None Include="..\shaders\object_gbuffer.frag">
      <Filter>Resource Files</Filter>
    </None>
    <None Include="..\shaders\object.vert">
      <Filter>Resource Files</Filter>
    </None>
    <None Include="..\shaders\screenquad.vert">
      <Filter>Resource Files</Filter>
    </None>
    <None Include="..\shaders\sunlight.frag">
      <Filter>Resource Files</Filter>
    </None>
    <None Include="..\assets\xue.b3d" />
    <None Include="..\shaders\skybox.frag">
      <Filter>Resource Files</Filter>
    </None>
    <None Include="..\shaders\skybox.vert">
      <Filter>Resource Files</Filter>
    </None>
    <None Include="..\shaders\computesh.comp">
      <Filter>Resource Files</Filter>
    </None>
    <None Include="..\shaders\ibl.frag">
      <Filter>Resource Files</Filter>
    </None>
    <None Include="..\shaders\importance_sampling_specular.comp">
      <Filter>Resource Files</Filter>
    </None>
    <None Include="packages.config" />
    <None Include="..\shaders\dfg.comp">
      <Filter>Resource Files</Filter>
    </None>
    <None Include="..\shaders\linearize_depth.comp">
      <Filter>Resource Files</Filter>
    </None>
    <None Include="..\shaders\ssao.comp">
      <Filter>Resource Files</Filter>
    </None>
  </ItemGroup>
  <ItemGroup>
    <ClCompile Include="main.cpp">
      <Filter>Source Files</Filter>
    </ClCompile>
  </ItemGroup>
</Project>